
Microsoft Visual Studio Solution File, Format Version 12.00
# Visual Studio Version 16
VisualStudioVersion = 16.0.29905.134
MinimumVisualStudioVersion = 10.0.40219.1
Project("{9A19103F-16F7-4668-BE54-9A1E7A4F7556}") = "MatchTickets", "MatchTickets\MatchTickets.csproj", "{1892CDF3-5A37-4BD2-A690-F4E04C4F6406}"
EndProject
Project("{9A19103F-16F7-4668-BE54-9A1E7A4F7556}") = "BikeRace", "BikeRace\BikeRace.csproj", "{4B185E78-639F-4321-8FF0-61D23D48A8D7}"
EndProject
Project("{9A19103F-16F7-4668-BE54-9A1E7A4F7556}") = "GameMade", "GameMade\GameMade.csproj", "{D22D22B3-743A-49E5-8346-1AC96D636214}"
EndProject
Project("{9A19103F-16F7-4668-BE54-9A1E7A4F7556}") = "Flowers", "Flowers\Flowers.csproj", "{F1A48C2B-B857-49D3-BFEC-3EB04AAF5587}"
EndProject
Project("{9A19103F-16F7-4668-BE54-9A1E7A4F7556}") = "CarToGo", "CarToGo\CarToGo.csproj", "{699A5EE3-39FF-413A-90E4-7709AACA09D8}"
EndProject
Project("{9A19103F-16F7-4668-BE54-9A1E7A4F7556}") = "Vacation", "Vacation\Vacation.csproj", "{46531551-E2D4-47DE-B4A8-95DC7C675AE9}"
EndProject
Project("{9A19103F-16F7-4668-BE54-9A1E7A4F7556}") = "TruckDriver", "TruckDriver\TruckDriver.csproj", "{76EA3597-385C-4E68-920D-4E10101B0211}"
EndProject
Project("{9A19103F-16F7-4668-BE54-9A1E7A4F7556}") = "SchoolCamp", "SchoolCamp\SchoolCamp.csproj", "{3A4A21FF-06B0-4743-9C67-2414FEA5793F}"
EndProject
Project("{9A19103F-16F7-4668-BE54-9A1E7A4F7556}") = "Number1To10", "Number1To10\Number1To10.csproj", "{61FE5E00-F9FA-4120-BA38-19CB662F1BFE}"
EndProject
Project("{9A19103F-16F7-4668-BE54-9A1E7A4F7556}") = "MultiplyBy2", "MultiplyBy2\MultiplyBy2.csproj", "{2E319996-37F9-44DE-B449-505110BB9E42}"
EndProject
Project("{2150E333-8FDC-42A3-9474-1A3956D46DE8}") = "Exam20April", "Exam20April", "{2B539E49-A513-43B9-8C60-B7C37F8658A4}"
EndProject
Project("{9A19103F-16F7-4668-BE54-9A1E7A4F7556}") = "EasternTrip", "EasternTrip\EasternTrip.csproj", "{654AF082-B2C3-4A35-814D-838D78C3BDA9}"
EndProject
Project("{9A19103F-16F7-4668-BE54-9A1E7A4F7556}") = "PaintingEggs", "PaintingEggs\PaintingEggs.csproj", "{40800781-E350-4CAA-AF36-F8B390623ECB}"
EndProject
Project("{2150E333-8FDC-42A3-9474-1A3956D46DE8}") = "Exam2May", "Exam2May", "{D97DA49F-E368-42BE-ADEA-4121F1B8CC2B}"
EndProject
Project("{9A19103F-16F7-4668-BE54-9A1E7A4F7556}") = "MobileOperator", "MobileOperator\MobileOperator.csproj", "{4A8A4AE7-6992-4921-BA01-7BD4B55C589F}"
EndProject
Project("{2150E333-8FDC-42A3-9474-1A3956D46DE8}") = "Exam9March", "Exam9March", "{31AB74E0-E89C-4192-BD22-59CB1FB9BA0A}"
EndProject
Project("{9A19103F-16F7-4668-BE54-9A1E7A4F7556}") = "Gymnastics", "Gymnastics\Gymnastics.csproj", "{B0442DFA-22C3-46C9-8984-D341894C0C21}"
EndProject
Project("{9A19103F-16F7-4668-BE54-9A1E7A4F7556}") = "WorldSnookerChampionship", "WorldSnookerChampionship\WorldSnookerChampionship.csproj", "{03AFDE75-4989-4D06-8112-66BCF95D3125}"
EndProject
Project("{2150E333-8FDC-42A3-9474-1A3956D46DE8}") = "Exam15June", "Exam15June", "{9E46AD99-6EA7-4DE6-A2FE-E7259A2B24AE}"
EndProject
Project("{FAE04EC0-301F-11D3-BF4B-00C04F79EFBC}") = "FilmPremiere", "FilmPremiere\FilmPremiere.csproj", "{04586E18-EBC4-412B-B158-6A0A56FCBF0F}"
EndProject
Project("{FAE04EC0-301F-11D3-BF4B-00C04F79EFBC}") = "MovieDestination", "MovieDestination\MovieDestination.csproj", "{E9D5B947-EE16-4073-864E-4CB68344EE59}"
EndProject
Project("{2150E333-8FDC-42A3-9474-1A3956D46DE8}") = "Exam6April", "Exam6April", "{1219FA96-1CEF-4B1A-AE13-6C3ECD3FA221}"
EndProject
Project("{FAE04EC0-301F-11D3-BF4B-00C04F79EFBC}") = "OscarsWeekInCinema", "OscarsWeekInCinema\OscarsWeekInCinema.csproj", "{AED8AD88-EBD7-43B0-8135-6D49DA66E080}"
EndProject
Project("{2150E333-8FDC-42A3-9474-1A3956D46DE8}") = "Exam6June", "Exam6June", "{E1B177F2-ED04-49B6-BAF7-26A75382131D}"
EndProject
Project("{FAE04EC0-301F-11D3-BF4B-00C04F79EFBC}") = "CoffeeMachine", "CoffeeMachine\CoffeeMachine.csproj", "{B26C2FBD-BFBF-417A-A847-E25A7608B405}"
EndProject
Project("{FAE04EC0-301F-11D3-BF4B-00C04F79EFBC}") = "TravelAgency", "TravelAgency\TravelAgency.csproj", "{C4695C6A-3AEC-4758-AF97-14B39F8DB2B2}"
EndProject
Project("{2150E333-8FDC-42A3-9474-1A3956D46DE8}") = "Exam27July", "Exam27July", "{148CC7A6-F6D8-4CC7-B46E-0706600D39A3}"
EndProject
Project("{FAE04EC0-301F-11D3-BF4B-00C04F79EFBC}") = "LuggageTax", "LuggageTax\LuggageTax.csproj", "{63BC2F5D-221F-4730-AB0A-52115EBE15AA}"
EndProject
Project("{FAE04EC0-301F-11D3-BF4B-00C04F79EFBC}") = "CruiseShip", "CruiseShip\CruiseShip.csproj", "{F4DB3940-7EC2-4D2A-8FA4-4E8E678E5145}"
EndProject
Global
	GlobalSection(SolutionConfigurationPlatforms) = preSolution
		Debug|Any CPU = Debug|Any CPU
		Release|Any CPU = Release|Any CPU
	EndGlobalSection
	GlobalSection(ProjectConfigurationPlatforms) = postSolution
		{1892CDF3-5A37-4BD2-A690-F4E04C4F6406}.Debug|Any CPU.ActiveCfg = Debug|Any CPU
		{1892CDF3-5A37-4BD2-A690-F4E04C4F6406}.Debug|Any CPU.Build.0 = Debug|Any CPU
		{1892CDF3-5A37-4BD2-A690-F4E04C4F6406}.Release|Any CPU.ActiveCfg = Release|Any CPU
		{1892CDF3-5A37-4BD2-A690-F4E04C4F6406}.Release|Any CPU.Build.0 = Release|Any CPU
		{4B185E78-639F-4321-8FF0-61D23D48A8D7}.Debug|Any CPU.ActiveCfg = Debug|Any CPU
		{4B185E78-639F-4321-8FF0-61D23D48A8D7}.Debug|Any CPU.Build.0 = Debug|Any CPU
		{4B185E78-639F-4321-8FF0-61D23D48A8D7}.Release|Any CPU.ActiveCfg = Release|Any CPU
		{4B185E78-639F-4321-8FF0-61D23D48A8D7}.Release|Any CPU.Build.0 = Release|Any CPU
		{D22D22B3-743A-49E5-8346-1AC96D636214}.Debug|Any CPU.ActiveCfg = Debug|Any CPU
		{D22D22B3-743A-49E5-8346-1AC96D636214}.Debug|Any CPU.Build.0 = Debug|Any CPU
		{D22D22B3-743A-49E5-8346-1AC96D636214}.Release|Any CPU.ActiveCfg = Release|Any CPU
		{D22D22B3-743A-49E5-8346-1AC96D636214}.Release|Any CPU.Build.0 = Release|Any CPU
		{F1A48C2B-B857-49D3-BFEC-3EB04AAF5587}.Debug|Any CPU.ActiveCfg = Debug|Any CPU
		{F1A48C2B-B857-49D3-BFEC-3EB04AAF5587}.Debug|Any CPU.Build.0 = Debug|Any CPU
		{F1A48C2B-B857-49D3-BFEC-3EB04AAF5587}.Release|Any CPU.ActiveCfg = Release|Any CPU
		{F1A48C2B-B857-49D3-BFEC-3EB04AAF5587}.Release|Any CPU.Build.0 = Release|Any CPU
		{699A5EE3-39FF-413A-90E4-7709AACA09D8}.Debug|Any CPU.ActiveCfg = Debug|Any CPU
		{699A5EE3-39FF-413A-90E4-7709AACA09D8}.Debug|Any CPU.Build.0 = Debug|Any CPU
		{699A5EE3-39FF-413A-90E4-7709AACA09D8}.Release|Any CPU.ActiveCfg = Release|Any CPU
		{699A5EE3-39FF-413A-90E4-7709AACA09D8}.Release|Any CPU.Build.0 = Release|Any CPU
		{46531551-E2D4-47DE-B4A8-95DC7C675AE9}.Debug|Any CPU.ActiveCfg = Debug|Any CPU
		{46531551-E2D4-47DE-B4A8-95DC7C675AE9}.Debug|Any CPU.Build.0 = Debug|Any CPU
		{46531551-E2D4-47DE-B4A8-95DC7C675AE9}.Release|Any CPU.ActiveCfg = Release|Any CPU
		{46531551-E2D4-47DE-B4A8-95DC7C675AE9}.Release|Any CPU.Build.0 = Release|Any CPU
		{76EA3597-385C-4E68-920D-4E10101B0211}.Debug|Any CPU.ActiveCfg = Debug|Any CPU
		{76EA3597-385C-4E68-920D-4E10101B0211}.Debug|Any CPU.Build.0 = Debug|Any CPU
		{76EA3597-385C-4E68-920D-4E10101B0211}.Release|Any CPU.ActiveCfg = Release|Any CPU
		{76EA3597-385C-4E68-920D-4E10101B0211}.Release|Any CPU.Build.0 = Release|Any CPU
		{3A4A21FF-06B0-4743-9C67-2414FEA5793F}.Debug|Any CPU.ActiveCfg = Debug|Any CPU
		{3A4A21FF-06B0-4743-9C67-2414FEA5793F}.Debug|Any CPU.Build.0 = Debug|Any CPU
		{3A4A21FF-06B0-4743-9C67-2414FEA5793F}.Release|Any CPU.ActiveCfg = Release|Any CPU
		{3A4A21FF-06B0-4743-9C67-2414FEA5793F}.Release|Any CPU.Build.0 = Release|Any CPU
		{61FE5E00-F9FA-4120-BA38-19CB662F1BFE}.Debug|Any CPU.ActiveCfg = Debug|Any CPU
		{61FE5E00-F9FA-4120-BA38-19CB662F1BFE}.Debug|Any CPU.Build.0 = Debug|Any CPU
		{61FE5E00-F9FA-4120-BA38-19CB662F1BFE}.Release|Any CPU.ActiveCfg = Release|Any CPU
		{61FE5E00-F9FA-4120-BA38-19CB662F1BFE}.Release|Any CPU.Build.0 = Release|Any CPU
		{2E319996-37F9-44DE-B449-505110BB9E42}.Debug|Any CPU.ActiveCfg = Debug|Any CPU
		{2E319996-37F9-44DE-B449-505110BB9E42}.Debug|Any CPU.Build.0 = Debug|Any CPU
		{2E319996-37F9-44DE-B449-505110BB9E42}.Release|Any CPU.ActiveCfg = Release|Any CPU
		{2E319996-37F9-44DE-B449-505110BB9E42}.Release|Any CPU.Build.0 = Release|Any CPU
		{654AF082-B2C3-4A35-814D-838D78C3BDA9}.Debug|Any CPU.ActiveCfg = Debug|Any CPU
		{654AF082-B2C3-4A35-814D-838D78C3BDA9}.Debug|Any CPU.Build.0 = Debug|Any CPU
		{654AF082-B2C3-4A35-814D-838D78C3BDA9}.Release|Any CPU.ActiveCfg = Release|Any CPU
		{654AF082-B2C3-4A35-814D-838D78C3BDA9}.Release|Any CPU.Build.0 = Release|Any CPU
		{40800781-E350-4CAA-AF36-F8B390623ECB}.Debug|Any CPU.ActiveCfg = Debug|Any CPU
		{40800781-E350-4CAA-AF36-F8B390623ECB}.Debug|Any CPU.Build.0 = Debug|Any CPU
		{40800781-E350-4CAA-AF36-F8B390623ECB}.Release|Any CPU.ActiveCfg = Release|Any CPU
		{40800781-E350-4CAA-AF36-F8B390623ECB}.Release|Any CPU.Build.0 = Release|Any CPU
		{4A8A4AE7-6992-4921-BA01-7BD4B55C589F}.Debug|Any CPU.ActiveCfg = Debug|Any CPU
		{4A8A4AE7-6992-4921-BA01-7BD4B55C589F}.Debug|Any CPU.Build.0 = Debug|Any CPU
		{4A8A4AE7-6992-4921-BA01-7BD4B55C589F}.Release|Any CPU.ActiveCfg = Release|Any CPU
		{4A8A4AE7-6992-4921-BA01-7BD4B55C589F}.Release|Any CPU.Build.0 = Release|Any CPU
		{B0442DFA-22C3-46C9-8984-D341894C0C21}.Debug|Any CPU.ActiveCfg = Debug|Any CPU
		{B0442DFA-22C3-46C9-8984-D341894C0C21}.Debug|Any CPU.Build.0 = Debug|Any CPU
		{B0442DFA-22C3-46C9-8984-D341894C0C21}.Release|Any CPU.ActiveCfg = Release|Any CPU
		{B0442DFA-22C3-46C9-8984-D341894C0C21}.Release|Any CPU.Build.0 = Release|Any CPU
		{03AFDE75-4989-4D06-8112-66BCF95D3125}.Debug|Any CPU.ActiveCfg = Debug|Any CPU
		{03AFDE75-4989-4D06-8112-66BCF95D3125}.Debug|Any CPU.Build.0 = Debug|Any CPU
		{03AFDE75-4989-4D06-8112-66BCF95D3125}.Release|Any CPU.ActiveCfg = Release|Any CPU
		{03AFDE75-4989-4D06-8112-66BCF95D3125}.Release|Any CPU.Build.0 = Release|Any CPU
		{04586E18-EBC4-412B-B158-6A0A56FCBF0F}.Debug|Any CPU.ActiveCfg = Debug|Any CPU
		{04586E18-EBC4-412B-B158-6A0A56FCBF0F}.Debug|Any CPU.Build.0 = Debug|Any CPU
		{04586E18-EBC4-412B-B158-6A0A56FCBF0F}.Release|Any CPU.ActiveCfg = Release|Any CPU
		{04586E18-EBC4-412B-B158-6A0A56FCBF0F}.Release|Any CPU.Build.0 = Release|Any CPU
		{E9D5B947-EE16-4073-864E-4CB68344EE59}.Debug|Any CPU.ActiveCfg = Debug|Any CPU
		{E9D5B947-EE16-4073-864E-4CB68344EE59}.Debug|Any CPU.Build.0 = Debug|Any CPU
		{E9D5B947-EE16-4073-864E-4CB68344EE59}.Release|Any CPU.ActiveCfg = Release|Any CPU
		{E9D5B947-EE16-4073-864E-4CB68344EE59}.Release|Any CPU.Build.0 = Release|Any CPU
		{AED8AD88-EBD7-43B0-8135-6D49DA66E080}.Debug|Any CPU.ActiveCfg = Debug|Any CPU
		{AED8AD88-EBD7-43B0-8135-6D49DA66E080}.Debug|Any CPU.Build.0 = Debug|Any CPU
		{AED8AD88-EBD7-43B0-8135-6D49DA66E080}.Release|Any CPU.ActiveCfg = Release|Any CPU
		{AED8AD88-EBD7-43B0-8135-6D49DA66E080}.Release|Any CPU.Build.0 = Release|Any CPU
		{B26C2FBD-BFBF-417A-A847-E25A7608B405}.Debug|Any CPU.ActiveCfg = Debug|Any CPU
		{B26C2FBD-BFBF-417A-A847-E25A7608B405}.Debug|Any CPU.Build.0 = Debug|Any CPU
		{B26C2FBD-BFBF-417A-A847-E25A7608B405}.Release|Any CPU.ActiveCfg = Release|Any CPU
		{B26C2FBD-BFBF-417A-A847-E25A7608B405}.Release|Any CPU.Build.0 = Release|Any CPU
		{C4695C6A-3AEC-4758-AF97-14B39F8DB2B2}.Debug|Any CPU.ActiveCfg = Debug|Any CPU
		{C4695C6A-3AEC-4758-AF97-14B39F8DB2B2}.Debug|Any CPU.Build.0 = Debug|Any CPU
		{C4695C6A-3AEC-4758-AF97-14B39F8DB2B2}.Release|Any CPU.ActiveCfg = Release|Any CPU
		{C4695C6A-3AEC-4758-AF97-14B39F8DB2B2}.Release|Any CPU.Build.0 = Release|Any CPU
		{63BC2F5D-221F-4730-AB0A-52115EBE15AA}.Debug|Any CPU.ActiveCfg = Debug|Any CPU
		{63BC2F5D-221F-4730-AB0A-52115EBE15AA}.Debug|Any CPU.Build.0 = Debug|Any CPU
		{63BC2F5D-221F-4730-AB0A-52115EBE15AA}.Release|Any CPU.ActiveCfg = Release|Any CPU
		{63BC2F5D-221F-4730-AB0A-52115EBE15AA}.Release|Any CPU.Build.0 = Release|Any CPU
		{F4DB3940-7EC2-4D2A-8FA4-4E8E678E5145}.Debug|Any CPU.ActiveCfg = Debug|Any CPU
		{F4DB3940-7EC2-4D2A-8FA4-4E8E678E5145}.Debug|Any CPU.Build.0 = Debug|Any CPU
		{F4DB3940-7EC2-4D2A-8FA4-4E8E678E5145}.Release|Any CPU.ActiveCfg = Release|Any CPU
		{F4DB3940-7EC2-4D2A-8FA4-4E8E678E5145}.Release|Any CPU.Build.0 = Release|Any CPU
	EndGlobalSection
	GlobalSection(SolutionProperties) = preSolution
		HideSolutionNode = FALSE
	EndGlobalSection
	GlobalSection(NestedProjects) = preSolution
		{654AF082-B2C3-4A35-814D-838D78C3BDA9} = {2B539E49-A513-43B9-8C60-B7C37F8658A4}
		{40800781-E350-4CAA-AF36-F8B390623ECB} = {2B539E49-A513-43B9-8C60-B7C37F8658A4}
		{4A8A4AE7-6992-4921-BA01-7BD4B55C589F} = {D97DA49F-E368-42BE-ADEA-4121F1B8CC2B}
		{B0442DFA-22C3-46C9-8984-D341894C0C21} = {31AB74E0-E89C-4192-BD22-59CB1FB9BA0A}
		{03AFDE75-4989-4D06-8112-66BCF95D3125} = {31AB74E0-E89C-4192-BD22-59CB1FB9BA0A}
		{04586E18-EBC4-412B-B158-6A0A56FCBF0F} = {9E46AD99-6EA7-4DE6-A2FE-E7259A2B24AE}
		{E9D5B947-EE16-4073-864E-4CB68344EE59} = {9E46AD99-6EA7-4DE6-A2FE-E7259A2B24AE}
		{AED8AD88-EBD7-43B0-8135-6D49DA66E080} = {1219FA96-1CEF-4B1A-AE13-6C3ECD3FA221}
		{B26C2FBD-BFBF-417A-A847-E25A7608B405} = {E1B177F2-ED04-49B6-BAF7-26A75382131D}
		{C4695C6A-3AEC-4758-AF97-14B39F8DB2B2} = {E1B177F2-ED04-49B6-BAF7-26A75382131D}
		{63BC2F5D-221F-4730-AB0A-52115EBE15AA} = {148CC7A6-F6D8-4CC7-B46E-0706600D39A3}
		{F4DB3940-7EC2-4D2A-8FA4-4E8E678E5145} = {148CC7A6-F6D8-4CC7-B46E-0706600D39A3}
	EndGlobalSection
	GlobalSection(ExtensibilityGlobals) = postSolution
		SolutionGuid = {3C179CC3-8B10-4876-9CA3-58AFA0C39262}
	EndGlobalSection
EndGlobal
