
Microsoft Visual Studio Solution File, Format Version 12.00
# Visual Studio Version 16
VisualStudioVersion = 16.0.30804.86
MinimumVisualStudioVersion = 10.0.40219.1
Project("{FAE04EC0-301F-11D3-BF4B-00C04F79EFBC}") = "Gifts", "Gifts\Gifts.csproj", "{B608F4F1-407C-4C1D-9093-5EC11DF743C0}"
EndProject
Project("{FAE04EC0-301F-11D3-BF4B-00C04F79EFBC}") = "PuppyCare", "PuppyCare\PuppyCare.csproj", "{602B9566-0E4D-40A3-85A4-1C97C86C316A}"
EndProject
Project("{FAE04EC0-301F-11D3-BF4B-00C04F79EFBC}") = "GoldMine", "GoldMine\GoldMine.csproj", "{4575803B-4328-4894-AE23-E306471C3ABB}"
EndProject
Global
	GlobalSection(SolutionConfigurationPlatforms) = preSolution
		Debug|Any CPU = Debug|Any CPU
		Release|Any CPU = Release|Any CPU
	EndGlobalSection
	GlobalSection(ProjectConfigurationPlatforms) = postSolution
		{B608F4F1-407C-4C1D-9093-5EC11DF743C0}.Debug|Any CPU.ActiveCfg = Debug|Any CPU
		{B608F4F1-407C-4C1D-9093-5EC11DF743C0}.Debug|Any CPU.Build.0 = Debug|Any CPU
		{B608F4F1-407C-4C1D-9093-5EC11DF743C0}.Release|Any CPU.ActiveCfg = Release|Any CPU
		{B608F4F1-407C-4C1D-9093-5EC11DF743C0}.Release|Any CPU.Build.0 = Release|Any CPU
		{602B9566-0E4D-40A3-85A4-1C97C86C316A}.Debug|Any CPU.ActiveCfg = Debug|Any CPU
		{602B9566-0E4D-40A3-85A4-1C97C86C316A}.Debug|Any CPU.Build.0 = Debug|Any CPU
		{602B9566-0E4D-40A3-85A4-1C97C86C316A}.Release|Any CPU.ActiveCfg = Release|Any CPU
		{602B9566-0E4D-40A3-85A4-1C97C86C316A}.Release|Any CPU.Build.0 = Release|Any CPU
		{4575803B-4328-4894-AE23-E306471C3ABB}.Debug|Any CPU.ActiveCfg = Debug|Any CPU
		{4575803B-4328-4894-AE23-E306471C3ABB}.Debug|Any CPU.Build.0 = Debug|Any CPU
		{4575803B-4328-4894-AE23-E306471C3ABB}.Release|Any CPU.ActiveCfg = Release|Any CPU
		{4575803B-4328-4894-AE23-E306471C3ABB}.Release|Any CPU.Build.0 = Release|Any CPU
	EndGlobalSection
	GlobalSection(SolutionProperties) = preSolution
		HideSolutionNode = FALSE
	EndGlobalSection
	GlobalSection(ExtensibilityGlobals) = postSolution
		SolutionGuid = {40D7C2E9-F984-4AEF-89A1-81E8E02D394F}
	EndGlobalSection
EndGlobal
