
Microsoft Visual Studio Solution File, Format Version 12.00
# Visual Studio Version 16
VisualStudioVersion = 16.0.29806.167
MinimumVisualStudioVersion = 10.0.40219.1
Project("{FAE04EC0-301F-11D3-BF4B-00C04F79EFBC}") = "PetShop", "PetShop\PetShop.csproj", "{DA549D75-5684-4528-A3B7-8FA7D877FC19}"
EndProject
Global
	GlobalSection(SolutionConfigurationPlatforms) = preSolution
		Debug|Any CPU = Debug|Any CPU
		Release|Any CPU = Release|Any CPU
	EndGlobalSection
	GlobalSection(ProjectConfigurationPlatforms) = postSolution
		{DA549D75-5684-4528-A3B7-8FA7D877FC19}.Debug|Any CPU.ActiveCfg = Debug|Any CPU
		{DA549D75-5684-4528-A3B7-8FA7D877FC19}.Debug|Any CPU.Build.0 = Debug|Any CPU
		{DA549D75-5684-4528-A3B7-8FA7D877FC19}.Release|Any CPU.ActiveCfg = Release|Any CPU
		{DA549D75-5684-4528-A3B7-8FA7D877FC19}.Release|Any CPU.Build.0 = Release|Any CPU
	EndGlobalSection
	GlobalSection(SolutionProperties) = preSolution
		HideSolutionNode = FALSE
	EndGlobalSection
	GlobalSection(ExtensibilityGlobals) = postSolution
		SolutionGuid = {E9E3E19F-781D-4A8F-BE3F-9DB22F5A6ECC}
	EndGlobalSection
EndGlobal
