
Microsoft Visual Studio Solution File, Format Version 12.00
# Visual Studio Version 16
VisualStudioVersion = 16.0.30011.22
MinimumVisualStudioVersion = 10.0.40219.1
Project("{FAE04EC0-301F-11D3-BF4B-00C04F79EFBC}") = "CatLife", "CatLife\CatLife.csproj", "{B8335C9E-AA61-4E79-B65D-7CAC850C2D78}"
EndProject
Project("{FAE04EC0-301F-11D3-BF4B-00C04F79EFBC}") = "Excursion", "Excursion\Excursion.csproj", "{922A0C2D-243B-4589-A50E-A66A621C2D6E}"
EndProject
Project("{FAE04EC0-301F-11D3-BF4B-00C04F79EFBC}") = "Followers", "Followers\Followers.csproj", "{C7D46C9E-1AED-4CDC-9A8A-1494483E8E73}"
EndProject
Project("{FAE04EC0-301F-11D3-BF4B-00C04F79EFBC}") = "MessageManager", "MessageManager\MessageManager.csproj", "{613F3C99-5B4D-4A83-9491-CAEE74999906}"
EndProject
Global
	GlobalSection(SolutionConfigurationPlatforms) = preSolution
		Debug|Any CPU = Debug|Any CPU
		Release|Any CPU = Release|Any CPU
	EndGlobalSection
	GlobalSection(ProjectConfigurationPlatforms) = postSolution
		{B8335C9E-AA61-4E79-B65D-7CAC850C2D78}.Debug|Any CPU.ActiveCfg = Debug|Any CPU
		{B8335C9E-AA61-4E79-B65D-7CAC850C2D78}.Debug|Any CPU.Build.0 = Debug|Any CPU
		{B8335C9E-AA61-4E79-B65D-7CAC850C2D78}.Release|Any CPU.ActiveCfg = Release|Any CPU
		{B8335C9E-AA61-4E79-B65D-7CAC850C2D78}.Release|Any CPU.Build.0 = Release|Any CPU
		{922A0C2D-243B-4589-A50E-A66A621C2D6E}.Debug|Any CPU.ActiveCfg = Debug|Any CPU
		{922A0C2D-243B-4589-A50E-A66A621C2D6E}.Debug|Any CPU.Build.0 = Debug|Any CPU
		{922A0C2D-243B-4589-A50E-A66A621C2D6E}.Release|Any CPU.ActiveCfg = Release|Any CPU
		{922A0C2D-243B-4589-A50E-A66A621C2D6E}.Release|Any CPU.Build.0 = Release|Any CPU
		{C7D46C9E-1AED-4CDC-9A8A-1494483E8E73}.Debug|Any CPU.ActiveCfg = Debug|Any CPU
		{C7D46C9E-1AED-4CDC-9A8A-1494483E8E73}.Debug|Any CPU.Build.0 = Debug|Any CPU
		{C7D46C9E-1AED-4CDC-9A8A-1494483E8E73}.Release|Any CPU.ActiveCfg = Release|Any CPU
		{C7D46C9E-1AED-4CDC-9A8A-1494483E8E73}.Release|Any CPU.Build.0 = Release|Any CPU
		{613F3C99-5B4D-4A83-9491-CAEE74999906}.Debug|Any CPU.ActiveCfg = Debug|Any CPU
		{613F3C99-5B4D-4A83-9491-CAEE74999906}.Debug|Any CPU.Build.0 = Debug|Any CPU
		{613F3C99-5B4D-4A83-9491-CAEE74999906}.Release|Any CPU.ActiveCfg = Release|Any CPU
		{613F3C99-5B4D-4A83-9491-CAEE74999906}.Release|Any CPU.Build.0 = Release|Any CPU
	EndGlobalSection
	GlobalSection(SolutionProperties) = preSolution
		HideSolutionNode = FALSE
	EndGlobalSection
	GlobalSection(ExtensibilityGlobals) = postSolution
		SolutionGuid = {1A975EED-8C67-4544-9C81-ED9C40AD0F58}
	EndGlobalSection
EndGlobal
