
Microsoft Visual Studio Solution File, Format Version 12.00
# Visual Studio Version 16
VisualStudioVersion = 16.0.30011.22
MinimumVisualStudioVersion = 10.0.40219.1
Project("{FAE04EC0-301F-11D3-BF4B-00C04F79EFBC}") = "FoodDelivery", "FoodDelivery\FoodDelivery.csproj", "{8452D964-AD24-4EB0-A7B0-CD6F603A9F3F}"
EndProject
Project("{FAE04EC0-301F-11D3-BF4B-00C04F79EFBC}") = "Safari", "Safari\Safari.csproj", "{81CE8BA0-0161-481A-80DB-BBB43CD157FE}"
EndProject
Project("{FAE04EC0-301F-11D3-BF4B-00C04F79EFBC}") = "MobileOperator", "MobileOperator\MobileOperator.csproj", "{27D66007-2F26-429B-91C0-6969A4D7EB4E}"
EndProject
Project("{FAE04EC0-301F-11D3-BF4B-00C04F79EFBC}") = "TouristShop", "TouristShop\TouristShop.csproj", "{370F9A97-6F9D-4E7A-8460-D6F30C524DEF}"
EndProject
Project("{FAE04EC0-301F-11D3-BF4B-00C04F79EFBC}") = "DivisionWithoutRemainder", "DivisionWithoutRemainder\DivisionWithoutRemainder.csproj", "{082ECB7F-1E70-4349-B82E-50EFDD9168F3}"
EndProject
Project("{FAE04EC0-301F-11D3-BF4B-00C04F79EFBC}") = "VetParking", "VetParking\VetParking.csproj", "{3A02BD20-76EA-42D9-951F-39295052B046}"
EndProject
Global
	GlobalSection(SolutionConfigurationPlatforms) = preSolution
		Debug|Any CPU = Debug|Any CPU
		Release|Any CPU = Release|Any CPU
	EndGlobalSection
	GlobalSection(ProjectConfigurationPlatforms) = postSolution
		{8452D964-AD24-4EB0-A7B0-CD6F603A9F3F}.Debug|Any CPU.ActiveCfg = Debug|Any CPU
		{8452D964-AD24-4EB0-A7B0-CD6F603A9F3F}.Debug|Any CPU.Build.0 = Debug|Any CPU
		{8452D964-AD24-4EB0-A7B0-CD6F603A9F3F}.Release|Any CPU.ActiveCfg = Release|Any CPU
		{8452D964-AD24-4EB0-A7B0-CD6F603A9F3F}.Release|Any CPU.Build.0 = Release|Any CPU
		{81CE8BA0-0161-481A-80DB-BBB43CD157FE}.Debug|Any CPU.ActiveCfg = Debug|Any CPU
		{81CE8BA0-0161-481A-80DB-BBB43CD157FE}.Debug|Any CPU.Build.0 = Debug|Any CPU
		{81CE8BA0-0161-481A-80DB-BBB43CD157FE}.Release|Any CPU.ActiveCfg = Release|Any CPU
		{81CE8BA0-0161-481A-80DB-BBB43CD157FE}.Release|Any CPU.Build.0 = Release|Any CPU
		{27D66007-2F26-429B-91C0-6969A4D7EB4E}.Debug|Any CPU.ActiveCfg = Debug|Any CPU
		{27D66007-2F26-429B-91C0-6969A4D7EB4E}.Debug|Any CPU.Build.0 = Debug|Any CPU
		{27D66007-2F26-429B-91C0-6969A4D7EB4E}.Release|Any CPU.ActiveCfg = Release|Any CPU
		{27D66007-2F26-429B-91C0-6969A4D7EB4E}.Release|Any CPU.Build.0 = Release|Any CPU
		{370F9A97-6F9D-4E7A-8460-D6F30C524DEF}.Debug|Any CPU.ActiveCfg = Debug|Any CPU
		{370F9A97-6F9D-4E7A-8460-D6F30C524DEF}.Debug|Any CPU.Build.0 = Debug|Any CPU
		{370F9A97-6F9D-4E7A-8460-D6F30C524DEF}.Release|Any CPU.ActiveCfg = Release|Any CPU
		{370F9A97-6F9D-4E7A-8460-D6F30C524DEF}.Release|Any CPU.Build.0 = Release|Any CPU
		{082ECB7F-1E70-4349-B82E-50EFDD9168F3}.Debug|Any CPU.ActiveCfg = Debug|Any CPU
		{082ECB7F-1E70-4349-B82E-50EFDD9168F3}.Debug|Any CPU.Build.0 = Debug|Any CPU
		{082ECB7F-1E70-4349-B82E-50EFDD9168F3}.Release|Any CPU.ActiveCfg = Release|Any CPU
		{082ECB7F-1E70-4349-B82E-50EFDD9168F3}.Release|Any CPU.Build.0 = Release|Any CPU
		{3A02BD20-76EA-42D9-951F-39295052B046}.Debug|Any CPU.ActiveCfg = Debug|Any CPU
		{3A02BD20-76EA-42D9-951F-39295052B046}.Debug|Any CPU.Build.0 = Debug|Any CPU
		{3A02BD20-76EA-42D9-951F-39295052B046}.Release|Any CPU.ActiveCfg = Release|Any CPU
		{3A02BD20-76EA-42D9-951F-39295052B046}.Release|Any CPU.Build.0 = Release|Any CPU
	EndGlobalSection
	GlobalSection(SolutionProperties) = preSolution
		HideSolutionNode = FALSE
	EndGlobalSection
	GlobalSection(ExtensibilityGlobals) = postSolution
		SolutionGuid = {A263BF04-E76F-49D0-873E-CA5748611AAE}
	EndGlobalSection
EndGlobal
