
Microsoft Visual Studio Solution File, Format Version 12.00
# Visual Studio Version 16
VisualStudioVersion = 16.0.29905.134
MinimumVisualStudioVersion = 10.0.40219.1
Project("{9A19103F-16F7-4668-BE54-9A1E7A4F7556}") = "Num1To100", "Num1To100\Num1To100.csproj", "{2631F31E-AD67-4E40-92A0-FAD676BB983C}"
EndProject
Project("{9A19103F-16F7-4668-BE54-9A1E7A4F7556}") = "Password", "Password\Password.csproj", "{7B93C7E3-0B23-4F79-8C43-52251FDF341B}"
EndProject
Project("{9A19103F-16F7-4668-BE54-9A1E7A4F7556}") = "Sequence2k+1", "Sequence2k+1\Sequence2k+1.csproj", "{754B7B0D-1A34-4A0A-9BEF-52F473B353DC}"
EndProject
Project("{9A19103F-16F7-4668-BE54-9A1E7A4F7556}") = "InfiniteLoop", "InfiniteLoop\InfiniteLoop.csproj", "{40E42C1A-6162-4CFC-B4EC-9D831298E0AF}"
EndProject
Project("{9A19103F-16F7-4668-BE54-9A1E7A4F7556}") = "AccountBalance", "AccountBalance\AccountBalance.csproj", "{A5E70B3C-018B-4404-9E5C-8014ABB4D57F}"
EndProject
Project("{9A19103F-16F7-4668-BE54-9A1E7A4F7556}") = "Num1To10", "Num1To10\Num1To10.csproj", "{A22A5EC6-CE5A-41D1-9652-96FFB5EEE3DE}"
EndProject
Project("{9A19103F-16F7-4668-BE54-9A1E7A4F7556}") = "MaxNumber", "MaxNumber\MaxNumber.csproj", "{C63E8561-7A90-4F5D-B51D-298C800C0951}"
EndProject
Project("{9A19103F-16F7-4668-BE54-9A1E7A4F7556}") = "MinNumber", "MinNumber\MinNumber.csproj", "{A1B31C9C-2F12-4DA8-A99B-49A3FC714495}"
EndProject
Project("{9A19103F-16F7-4668-BE54-9A1E7A4F7556}") = "Graduation", "Graduation\Graduation.csproj", "{25474BAF-90E1-4618-8D84-060FA5E3BBDA}"
EndProject
Project("{9A19103F-16F7-4668-BE54-9A1E7A4F7556}") = "GaduationPart2", "GaduationPart2\GaduationPart2.csproj", "{BC6FA90C-A454-4388-8078-394B75C9DACE}"
EndProject
Project("{9A19103F-16F7-4668-BE54-9A1E7A4F7556}") = "Moving", "Miving\Moving.csproj", "{1A47FB79-FD54-410C-AB14-79B4E002B9D0}"
EndProject
Project("{9A19103F-16F7-4668-BE54-9A1E7A4F7556}") = "OldBooks", "OldBooks\OldBooks.csproj", "{3A8A3338-E4BA-4EFA-8320-A0A8D72501CA}"
EndProject
Project("{9A19103F-16F7-4668-BE54-9A1E7A4F7556}") = "ExamPreparation", "ExamPreparation\ExamPreparation.csproj", "{11889278-E04F-4B87-B5A4-4330CAF26950}"
EndProject
Project("{9A19103F-16F7-4668-BE54-9A1E7A4F7556}") = "Vacation", "Vacation\Vacation.csproj", "{14FBA4E7-FCC6-41F1-8AD2-ABACAB15D545}"
EndProject
Project("{9A19103F-16F7-4668-BE54-9A1E7A4F7556}") = "Walking", "Walking\Walking.csproj", "{69F5F757-E18D-45A3-B8AB-09584386C7F6}"
EndProject
Project("{9A19103F-16F7-4668-BE54-9A1E7A4F7556}") = "Coins", "Coins\Coins.csproj", "{0D47C24B-DF11-4359-A916-928A067B4FEB}"
EndProject
Project("{9A19103F-16F7-4668-BE54-9A1E7A4F7556}") = "Cake", "Cake\Cake.csproj", "{63B99CAC-4AA9-4E76-9BCD-856CA18346A8}"
EndProject
Project("{9A19103F-16F7-4668-BE54-9A1E7A4F7556}") = "Dishwasher", "Dishwasher\Dishwasher.csproj", "{FDC079DD-CBAF-41A8-9AC5-FF8B03146B0E}"
EndProject
Project("{9A19103F-16F7-4668-BE54-9A1E7A4F7556}") = "ReportSystem", "ReportSystem\ReportSystem.csproj", "{D54FBC71-2B94-4D46-9FDF-8BF2439292E3}"
EndProject
Project("{9A19103F-16F7-4668-BE54-9A1E7A4F7556}") = "StreamOfLetters", "StreamOfLetters\StreamOfLetters.csproj", "{5067D280-4CBC-4271-9B3E-A06060CBBEE8}"
EndProject
Project("{9A19103F-16F7-4668-BE54-9A1E7A4F7556}") = "NumbersDividedby3WithoutReminder", "NumbersDividedby3WithoutReminder\NumbersDividedby3WithoutReminder.csproj", "{BF401C44-0A77-4865-8454-838960AAA9B2}"
EndProject
Project("{9A19103F-16F7-4668-BE54-9A1E7A4F7556}") = "AverageNumber", "AverageNumber\AverageNumber.csproj", "{E01FBF5B-A092-4DFF-8431-20F73FAD0AF6}"
EndProject
Project("{9A19103F-16F7-4668-BE54-9A1E7A4F7556}") = "From1To12", "From1To12\From1To12.csproj", "{2C6FB789-F3CC-4C1A-A56E-CE76930A10E8}"
EndProject
Project("{9A19103F-16F7-4668-BE54-9A1E7A4F7556}") = "Number1To100", "Number1To100\Number1To100.csproj", "{AEBC20C4-BEE7-46F9-8AC6-BAB64452A7FE}"
EndProject
Project("{9A19103F-16F7-4668-BE54-9A1E7A4F7556}") = "Numbers N100To1", "Numbers N100To1\Numbers N100To1.csproj", "{3493ED68-1A3D-4CCB-BE2C-574514CC5479}"
EndProject
Project("{9A19103F-16F7-4668-BE54-9A1E7A4F7556}") = "Numbers1NWithStep3", "Numbers1NWithStep3\Numbers1NWithStep3.csproj", "{8FC8C8EF-F67E-4DC8-BB65-44040394B12B}"
EndProject
Project("{9A19103F-16F7-4668-BE54-9A1E7A4F7556}") = "EvenPowersOf2", "EvenPowersOf2\EvenPowersOf2.csproj", "{7FAB2E11-B475-4468-8D0F-7BC0797BE1D9}"
EndProject
Project("{9A19103F-16F7-4668-BE54-9A1E7A4F7556}") = "CharacterSequence", "CharacterSequence\CharacterSequence.csproj", "{68AB602B-C7F0-4936-B11B-A10AACFC1E39}"
EndProject
Project("{9A19103F-16F7-4668-BE54-9A1E7A4F7556}") = "VowelsSum", "VowelsSum\VowelsSum.csproj", "{75D4C396-C0AB-479C-9BB9-B326AAF479A9}"
EndProject
Project("{9A19103F-16F7-4668-BE54-9A1E7A4F7556}") = "SumNumbers", "SumNumbers\SumNumbers.csproj", "{123E88F2-AAD1-41B9-83C8-0D8FB4074E75}"
EndProject
Project("{9A19103F-16F7-4668-BE54-9A1E7A4F7556}") = "NumberSequence", "NumberSequence\NumberSequence.csproj", "{D6FA1909-17CB-40AF-8602-B6AFC4702FFF}"
EndProject
Project("{9A19103F-16F7-4668-BE54-9A1E7A4F7556}") = "LeftAndRightSum", "LeftAndRightSum\LeftAndRightSum.csproj", "{7BF1AF7F-5AE4-4D83-82B1-61EAF90C0743}"
EndProject
Project("{9A19103F-16F7-4668-BE54-9A1E7A4F7556}") = "OddEvenSum", "OddEvenSum\OddEvenSum.csproj", "{48E1B5AB-77D0-429B-9C11-0EE777A0D772}"
EndProject
Project("{9A19103F-16F7-4668-BE54-9A1E7A4F7556}") = "CleverLily", "CleverLily\CleverLily.csproj", "{DF505C31-C83D-4EA2-BFDF-4DA3AAEB7AF1}"
EndProject
Project("{9A19103F-16F7-4668-BE54-9A1E7A4F7556}") = "NumbersEndingIn7", "NumbersEndingIn7\NumbersEndingIn7.csproj", "{0DF3A814-1A5C-415A-AA3B-1FD59E39B0BC}"
EndProject
Project("{9A19103F-16F7-4668-BE54-9A1E7A4F7556}") = "HalsSumElement", "HalsSumElement\HalsSumElement.csproj", "{02B009EA-3764-4C0D-8F6E-C355C01842AD}"
EndProject
Project("{9A19103F-16F7-4668-BE54-9A1E7A4F7556}") = "OddEvenPoisitions", "OddEvenPoisitions\OddEvenPoisitions.csproj", "{48D00638-D1E6-48D5-9F42-253BC5188416}"
EndProject
Project("{9A19103F-16F7-4668-BE54-9A1E7A4F7556}") = "Histogram", "Histogram\Histogram.csproj", "{423CBDDE-0CFE-440D-A002-0A31750F7EA3}"
EndProject
Project("{9A19103F-16F7-4668-BE54-9A1E7A4F7556}") = "DivideWithoutRemainder", "DivideWithoutRemainder\DivideWithoutRemainder.csproj", "{F636DD51-E26C-481B-87FF-9D6215777DC7}"
EndProject
Project("{9A19103F-16F7-4668-BE54-9A1E7A4F7556}") = "Salary", "Salary\Salary.csproj", "{C0211240-31F4-47B0-B5CF-60C49AEC9B8F}"
EndProject
Project("{9A19103F-16F7-4668-BE54-9A1E7A4F7556}") = "BackToThePast", "BackToThePast\BackToThePast.csproj", "{F602E528-0926-4367-8BD6-90B06A6CC2AA}"
EndProject
Project("{9A19103F-16F7-4668-BE54-9A1E7A4F7556}") = "Hospital", "Hospital\Hospital.csproj", "{D927F8B1-7F60-4C9C-94F1-A994C55C1560}"
EndProject
Project("{9A19103F-16F7-4668-BE54-9A1E7A4F7556}") = "Logistics", "Logistics\Logistics.csproj", "{ADC26629-E410-4EC2-93DF-67D63C01D95A}"
EndProject
Project("{9A19103F-16F7-4668-BE54-9A1E7A4F7556}") = "Grades", "Grades\Grades.csproj", "{529EEDE6-A222-4939-971C-3FDDB0EB8157}"
EndProject
Project("{9A19103F-16F7-4668-BE54-9A1E7A4F7556}") = "GameOfIntervals", "GameOfIntervals\GameOfIntervals.csproj", "{4FCED743-F63C-4393-AD3B-1088E5F8FC11}"
EndProject
Project("{9A19103F-16F7-4668-BE54-9A1E7A4F7556}") = "Bills", "Bills\Bills.csproj", "{0E041235-981D-4095-85F7-4CE3622DFF39}"
EndProject
Project("{9A19103F-16F7-4668-BE54-9A1E7A4F7556}") = "FootballLeague", "FootballLeague\FootballLeague.csproj", "{3F3A843C-647D-4F39-950B-86BE761DE5F5}"
EndProject
Project("{9A19103F-16F7-4668-BE54-9A1E7A4F7556}") = "EqualPairs", "EqualPairs\EqualPairs.csproj", "{F2A69B03-8F4B-4A4C-87F7-EF233489820B}"
EndProject
Project("{9A19103F-16F7-4668-BE54-9A1E7A4F7556}") = "SteamOfLetterSecondSolution", "SteamOfLetterSecondSolution\SteamOfLetterSecondSolution.csproj", "{1C00AE92-B7B3-466E-8076-1EC51F9F751C}"
EndProject
Project("{FAE04EC0-301F-11D3-BF4B-00C04F79EFBC}") = "Clock", "Clock\Clock.csproj", "{AB99D850-FC98-4416-B696-2F7A22A9ADEF}"
EndProject
Project("{FAE04EC0-301F-11D3-BF4B-00C04F79EFBC}") = "Clock2", "Clock2\Clock2.csproj", "{F20A7227-EFB6-491E-87F9-06FB1370EA86}"
EndProject
Project("{FAE04EC0-301F-11D3-BF4B-00C04F79EFBC}") = "RectangleOf10x10Stars", "NxN\RectangleOf10x10Stars.csproj", "{1B1A213B-817D-4A4F-A32B-5D0DBA7B7650}"
EndProject
Global
	GlobalSection(SolutionConfigurationPlatforms) = preSolution
		Debug|Any CPU = Debug|Any CPU
		Release|Any CPU = Release|Any CPU
	EndGlobalSection
	GlobalSection(ProjectConfigurationPlatforms) = postSolution
		{2631F31E-AD67-4E40-92A0-FAD676BB983C}.Debug|Any CPU.ActiveCfg = Debug|Any CPU
		{2631F31E-AD67-4E40-92A0-FAD676BB983C}.Debug|Any CPU.Build.0 = Debug|Any CPU
		{2631F31E-AD67-4E40-92A0-FAD676BB983C}.Release|Any CPU.ActiveCfg = Release|Any CPU
		{2631F31E-AD67-4E40-92A0-FAD676BB983C}.Release|Any CPU.Build.0 = Release|Any CPU
		{7B93C7E3-0B23-4F79-8C43-52251FDF341B}.Debug|Any CPU.ActiveCfg = Debug|Any CPU
		{7B93C7E3-0B23-4F79-8C43-52251FDF341B}.Debug|Any CPU.Build.0 = Debug|Any CPU
		{7B93C7E3-0B23-4F79-8C43-52251FDF341B}.Release|Any CPU.ActiveCfg = Release|Any CPU
		{7B93C7E3-0B23-4F79-8C43-52251FDF341B}.Release|Any CPU.Build.0 = Release|Any CPU
		{754B7B0D-1A34-4A0A-9BEF-52F473B353DC}.Debug|Any CPU.ActiveCfg = Debug|Any CPU
		{754B7B0D-1A34-4A0A-9BEF-52F473B353DC}.Debug|Any CPU.Build.0 = Debug|Any CPU
		{754B7B0D-1A34-4A0A-9BEF-52F473B353DC}.Release|Any CPU.ActiveCfg = Release|Any CPU
		{754B7B0D-1A34-4A0A-9BEF-52F473B353DC}.Release|Any CPU.Build.0 = Release|Any CPU
		{40E42C1A-6162-4CFC-B4EC-9D831298E0AF}.Debug|Any CPU.ActiveCfg = Debug|Any CPU
		{40E42C1A-6162-4CFC-B4EC-9D831298E0AF}.Debug|Any CPU.Build.0 = Debug|Any CPU
		{40E42C1A-6162-4CFC-B4EC-9D831298E0AF}.Release|Any CPU.ActiveCfg = Release|Any CPU
		{40E42C1A-6162-4CFC-B4EC-9D831298E0AF}.Release|Any CPU.Build.0 = Release|Any CPU
		{A5E70B3C-018B-4404-9E5C-8014ABB4D57F}.Debug|Any CPU.ActiveCfg = Debug|Any CPU
		{A5E70B3C-018B-4404-9E5C-8014ABB4D57F}.Debug|Any CPU.Build.0 = Debug|Any CPU
		{A5E70B3C-018B-4404-9E5C-8014ABB4D57F}.Release|Any CPU.ActiveCfg = Release|Any CPU
		{A5E70B3C-018B-4404-9E5C-8014ABB4D57F}.Release|Any CPU.Build.0 = Release|Any CPU
		{A22A5EC6-CE5A-41D1-9652-96FFB5EEE3DE}.Debug|Any CPU.ActiveCfg = Debug|Any CPU
		{A22A5EC6-CE5A-41D1-9652-96FFB5EEE3DE}.Debug|Any CPU.Build.0 = Debug|Any CPU
		{A22A5EC6-CE5A-41D1-9652-96FFB5EEE3DE}.Release|Any CPU.ActiveCfg = Release|Any CPU
		{A22A5EC6-CE5A-41D1-9652-96FFB5EEE3DE}.Release|Any CPU.Build.0 = Release|Any CPU
		{C63E8561-7A90-4F5D-B51D-298C800C0951}.Debug|Any CPU.ActiveCfg = Debug|Any CPU
		{C63E8561-7A90-4F5D-B51D-298C800C0951}.Debug|Any CPU.Build.0 = Debug|Any CPU
		{C63E8561-7A90-4F5D-B51D-298C800C0951}.Release|Any CPU.ActiveCfg = Release|Any CPU
		{C63E8561-7A90-4F5D-B51D-298C800C0951}.Release|Any CPU.Build.0 = Release|Any CPU
		{A1B31C9C-2F12-4DA8-A99B-49A3FC714495}.Debug|Any CPU.ActiveCfg = Debug|Any CPU
		{A1B31C9C-2F12-4DA8-A99B-49A3FC714495}.Debug|Any CPU.Build.0 = Debug|Any CPU
		{A1B31C9C-2F12-4DA8-A99B-49A3FC714495}.Release|Any CPU.ActiveCfg = Release|Any CPU
		{A1B31C9C-2F12-4DA8-A99B-49A3FC714495}.Release|Any CPU.Build.0 = Release|Any CPU
		{25474BAF-90E1-4618-8D84-060FA5E3BBDA}.Debug|Any CPU.ActiveCfg = Debug|Any CPU
		{25474BAF-90E1-4618-8D84-060FA5E3BBDA}.Debug|Any CPU.Build.0 = Debug|Any CPU
		{25474BAF-90E1-4618-8D84-060FA5E3BBDA}.Release|Any CPU.ActiveCfg = Release|Any CPU
		{25474BAF-90E1-4618-8D84-060FA5E3BBDA}.Release|Any CPU.Build.0 = Release|Any CPU
		{BC6FA90C-A454-4388-8078-394B75C9DACE}.Debug|Any CPU.ActiveCfg = Debug|Any CPU
		{BC6FA90C-A454-4388-8078-394B75C9DACE}.Debug|Any CPU.Build.0 = Debug|Any CPU
		{BC6FA90C-A454-4388-8078-394B75C9DACE}.Release|Any CPU.ActiveCfg = Release|Any CPU
		{BC6FA90C-A454-4388-8078-394B75C9DACE}.Release|Any CPU.Build.0 = Release|Any CPU
		{1A47FB79-FD54-410C-AB14-79B4E002B9D0}.Debug|Any CPU.ActiveCfg = Debug|Any CPU
		{1A47FB79-FD54-410C-AB14-79B4E002B9D0}.Debug|Any CPU.Build.0 = Debug|Any CPU
		{1A47FB79-FD54-410C-AB14-79B4E002B9D0}.Release|Any CPU.ActiveCfg = Release|Any CPU
		{1A47FB79-FD54-410C-AB14-79B4E002B9D0}.Release|Any CPU.Build.0 = Release|Any CPU
		{3A8A3338-E4BA-4EFA-8320-A0A8D72501CA}.Debug|Any CPU.ActiveCfg = Debug|Any CPU
		{3A8A3338-E4BA-4EFA-8320-A0A8D72501CA}.Debug|Any CPU.Build.0 = Debug|Any CPU
		{3A8A3338-E4BA-4EFA-8320-A0A8D72501CA}.Release|Any CPU.ActiveCfg = Release|Any CPU
		{3A8A3338-E4BA-4EFA-8320-A0A8D72501CA}.Release|Any CPU.Build.0 = Release|Any CPU
		{11889278-E04F-4B87-B5A4-4330CAF26950}.Debug|Any CPU.ActiveCfg = Debug|Any CPU
		{11889278-E04F-4B87-B5A4-4330CAF26950}.Debug|Any CPU.Build.0 = Debug|Any CPU
		{11889278-E04F-4B87-B5A4-4330CAF26950}.Release|Any CPU.ActiveCfg = Release|Any CPU
		{11889278-E04F-4B87-B5A4-4330CAF26950}.Release|Any CPU.Build.0 = Release|Any CPU
		{14FBA4E7-FCC6-41F1-8AD2-ABACAB15D545}.Debug|Any CPU.ActiveCfg = Debug|Any CPU
		{14FBA4E7-FCC6-41F1-8AD2-ABACAB15D545}.Debug|Any CPU.Build.0 = Debug|Any CPU
		{14FBA4E7-FCC6-41F1-8AD2-ABACAB15D545}.Release|Any CPU.ActiveCfg = Release|Any CPU
		{14FBA4E7-FCC6-41F1-8AD2-ABACAB15D545}.Release|Any CPU.Build.0 = Release|Any CPU
		{69F5F757-E18D-45A3-B8AB-09584386C7F6}.Debug|Any CPU.ActiveCfg = Debug|Any CPU
		{69F5F757-E18D-45A3-B8AB-09584386C7F6}.Debug|Any CPU.Build.0 = Debug|Any CPU
		{69F5F757-E18D-45A3-B8AB-09584386C7F6}.Release|Any CPU.ActiveCfg = Release|Any CPU
		{69F5F757-E18D-45A3-B8AB-09584386C7F6}.Release|Any CPU.Build.0 = Release|Any CPU
		{0D47C24B-DF11-4359-A916-928A067B4FEB}.Debug|Any CPU.ActiveCfg = Debug|Any CPU
		{0D47C24B-DF11-4359-A916-928A067B4FEB}.Debug|Any CPU.Build.0 = Debug|Any CPU
		{0D47C24B-DF11-4359-A916-928A067B4FEB}.Release|Any CPU.ActiveCfg = Release|Any CPU
		{0D47C24B-DF11-4359-A916-928A067B4FEB}.Release|Any CPU.Build.0 = Release|Any CPU
		{63B99CAC-4AA9-4E76-9BCD-856CA18346A8}.Debug|Any CPU.ActiveCfg = Debug|Any CPU
		{63B99CAC-4AA9-4E76-9BCD-856CA18346A8}.Debug|Any CPU.Build.0 = Debug|Any CPU
		{63B99CAC-4AA9-4E76-9BCD-856CA18346A8}.Release|Any CPU.ActiveCfg = Release|Any CPU
		{63B99CAC-4AA9-4E76-9BCD-856CA18346A8}.Release|Any CPU.Build.0 = Release|Any CPU
		{FDC079DD-CBAF-41A8-9AC5-FF8B03146B0E}.Debug|Any CPU.ActiveCfg = Debug|Any CPU
		{FDC079DD-CBAF-41A8-9AC5-FF8B03146B0E}.Debug|Any CPU.Build.0 = Debug|Any CPU
		{FDC079DD-CBAF-41A8-9AC5-FF8B03146B0E}.Release|Any CPU.ActiveCfg = Release|Any CPU
		{FDC079DD-CBAF-41A8-9AC5-FF8B03146B0E}.Release|Any CPU.Build.0 = Release|Any CPU
		{D54FBC71-2B94-4D46-9FDF-8BF2439292E3}.Debug|Any CPU.ActiveCfg = Debug|Any CPU
		{D54FBC71-2B94-4D46-9FDF-8BF2439292E3}.Debug|Any CPU.Build.0 = Debug|Any CPU
		{D54FBC71-2B94-4D46-9FDF-8BF2439292E3}.Release|Any CPU.ActiveCfg = Release|Any CPU
		{D54FBC71-2B94-4D46-9FDF-8BF2439292E3}.Release|Any CPU.Build.0 = Release|Any CPU
		{5067D280-4CBC-4271-9B3E-A06060CBBEE8}.Debug|Any CPU.ActiveCfg = Debug|Any CPU
		{5067D280-4CBC-4271-9B3E-A06060CBBEE8}.Debug|Any CPU.Build.0 = Debug|Any CPU
		{5067D280-4CBC-4271-9B3E-A06060CBBEE8}.Release|Any CPU.ActiveCfg = Release|Any CPU
		{5067D280-4CBC-4271-9B3E-A06060CBBEE8}.Release|Any CPU.Build.0 = Release|Any CPU
		{BF401C44-0A77-4865-8454-838960AAA9B2}.Debug|Any CPU.ActiveCfg = Debug|Any CPU
		{BF401C44-0A77-4865-8454-838960AAA9B2}.Debug|Any CPU.Build.0 = Debug|Any CPU
		{BF401C44-0A77-4865-8454-838960AAA9B2}.Release|Any CPU.ActiveCfg = Release|Any CPU
		{BF401C44-0A77-4865-8454-838960AAA9B2}.Release|Any CPU.Build.0 = Release|Any CPU
		{E01FBF5B-A092-4DFF-8431-20F73FAD0AF6}.Debug|Any CPU.ActiveCfg = Debug|Any CPU
		{E01FBF5B-A092-4DFF-8431-20F73FAD0AF6}.Debug|Any CPU.Build.0 = Debug|Any CPU
		{E01FBF5B-A092-4DFF-8431-20F73FAD0AF6}.Release|Any CPU.ActiveCfg = Release|Any CPU
		{E01FBF5B-A092-4DFF-8431-20F73FAD0AF6}.Release|Any CPU.Build.0 = Release|Any CPU
		{2C6FB789-F3CC-4C1A-A56E-CE76930A10E8}.Debug|Any CPU.ActiveCfg = Debug|Any CPU
		{2C6FB789-F3CC-4C1A-A56E-CE76930A10E8}.Debug|Any CPU.Build.0 = Debug|Any CPU
		{2C6FB789-F3CC-4C1A-A56E-CE76930A10E8}.Release|Any CPU.ActiveCfg = Release|Any CPU
		{2C6FB789-F3CC-4C1A-A56E-CE76930A10E8}.Release|Any CPU.Build.0 = Release|Any CPU
		{AEBC20C4-BEE7-46F9-8AC6-BAB64452A7FE}.Debug|Any CPU.ActiveCfg = Debug|Any CPU
		{AEBC20C4-BEE7-46F9-8AC6-BAB64452A7FE}.Debug|Any CPU.Build.0 = Debug|Any CPU
		{AEBC20C4-BEE7-46F9-8AC6-BAB64452A7FE}.Release|Any CPU.ActiveCfg = Release|Any CPU
		{AEBC20C4-BEE7-46F9-8AC6-BAB64452A7FE}.Release|Any CPU.Build.0 = Release|Any CPU
		{3493ED68-1A3D-4CCB-BE2C-574514CC5479}.Debug|Any CPU.ActiveCfg = Debug|Any CPU
		{3493ED68-1A3D-4CCB-BE2C-574514CC5479}.Debug|Any CPU.Build.0 = Debug|Any CPU
		{3493ED68-1A3D-4CCB-BE2C-574514CC5479}.Release|Any CPU.ActiveCfg = Release|Any CPU
		{3493ED68-1A3D-4CCB-BE2C-574514CC5479}.Release|Any CPU.Build.0 = Release|Any CPU
		{8FC8C8EF-F67E-4DC8-BB65-44040394B12B}.Debug|Any CPU.ActiveCfg = Debug|Any CPU
		{8FC8C8EF-F67E-4DC8-BB65-44040394B12B}.Debug|Any CPU.Build.0 = Debug|Any CPU
		{8FC8C8EF-F67E-4DC8-BB65-44040394B12B}.Release|Any CPU.ActiveCfg = Release|Any CPU
		{8FC8C8EF-F67E-4DC8-BB65-44040394B12B}.Release|Any CPU.Build.0 = Release|Any CPU
		{7FAB2E11-B475-4468-8D0F-7BC0797BE1D9}.Debug|Any CPU.ActiveCfg = Debug|Any CPU
		{7FAB2E11-B475-4468-8D0F-7BC0797BE1D9}.Debug|Any CPU.Build.0 = Debug|Any CPU
		{7FAB2E11-B475-4468-8D0F-7BC0797BE1D9}.Release|Any CPU.ActiveCfg = Release|Any CPU
		{7FAB2E11-B475-4468-8D0F-7BC0797BE1D9}.Release|Any CPU.Build.0 = Release|Any CPU
		{68AB602B-C7F0-4936-B11B-A10AACFC1E39}.Debug|Any CPU.ActiveCfg = Debug|Any CPU
		{68AB602B-C7F0-4936-B11B-A10AACFC1E39}.Debug|Any CPU.Build.0 = Debug|Any CPU
		{68AB602B-C7F0-4936-B11B-A10AACFC1E39}.Release|Any CPU.ActiveCfg = Release|Any CPU
		{68AB602B-C7F0-4936-B11B-A10AACFC1E39}.Release|Any CPU.Build.0 = Release|Any CPU
		{75D4C396-C0AB-479C-9BB9-B326AAF479A9}.Debug|Any CPU.ActiveCfg = Debug|Any CPU
		{75D4C396-C0AB-479C-9BB9-B326AAF479A9}.Debug|Any CPU.Build.0 = Debug|Any CPU
		{75D4C396-C0AB-479C-9BB9-B326AAF479A9}.Release|Any CPU.ActiveCfg = Release|Any CPU
		{75D4C396-C0AB-479C-9BB9-B326AAF479A9}.Release|Any CPU.Build.0 = Release|Any CPU
		{123E88F2-AAD1-41B9-83C8-0D8FB4074E75}.Debug|Any CPU.ActiveCfg = Debug|Any CPU
		{123E88F2-AAD1-41B9-83C8-0D8FB4074E75}.Debug|Any CPU.Build.0 = Debug|Any CPU
		{123E88F2-AAD1-41B9-83C8-0D8FB4074E75}.Release|Any CPU.ActiveCfg = Release|Any CPU
		{123E88F2-AAD1-41B9-83C8-0D8FB4074E75}.Release|Any CPU.Build.0 = Release|Any CPU
		{D6FA1909-17CB-40AF-8602-B6AFC4702FFF}.Debug|Any CPU.ActiveCfg = Debug|Any CPU
		{D6FA1909-17CB-40AF-8602-B6AFC4702FFF}.Debug|Any CPU.Build.0 = Debug|Any CPU
		{D6FA1909-17CB-40AF-8602-B6AFC4702FFF}.Release|Any CPU.ActiveCfg = Release|Any CPU
		{D6FA1909-17CB-40AF-8602-B6AFC4702FFF}.Release|Any CPU.Build.0 = Release|Any CPU
		{7BF1AF7F-5AE4-4D83-82B1-61EAF90C0743}.Debug|Any CPU.ActiveCfg = Debug|Any CPU
		{7BF1AF7F-5AE4-4D83-82B1-61EAF90C0743}.Debug|Any CPU.Build.0 = Debug|Any CPU
		{7BF1AF7F-5AE4-4D83-82B1-61EAF90C0743}.Release|Any CPU.ActiveCfg = Release|Any CPU
		{7BF1AF7F-5AE4-4D83-82B1-61EAF90C0743}.Release|Any CPU.Build.0 = Release|Any CPU
		{48E1B5AB-77D0-429B-9C11-0EE777A0D772}.Debug|Any CPU.ActiveCfg = Debug|Any CPU
		{48E1B5AB-77D0-429B-9C11-0EE777A0D772}.Debug|Any CPU.Build.0 = Debug|Any CPU
		{48E1B5AB-77D0-429B-9C11-0EE777A0D772}.Release|Any CPU.ActiveCfg = Release|Any CPU
		{48E1B5AB-77D0-429B-9C11-0EE777A0D772}.Release|Any CPU.Build.0 = Release|Any CPU
		{DF505C31-C83D-4EA2-BFDF-4DA3AAEB7AF1}.Debug|Any CPU.ActiveCfg = Debug|Any CPU
		{DF505C31-C83D-4EA2-BFDF-4DA3AAEB7AF1}.Debug|Any CPU.Build.0 = Debug|Any CPU
		{DF505C31-C83D-4EA2-BFDF-4DA3AAEB7AF1}.Release|Any CPU.ActiveCfg = Release|Any CPU
		{DF505C31-C83D-4EA2-BFDF-4DA3AAEB7AF1}.Release|Any CPU.Build.0 = Release|Any CPU
		{0DF3A814-1A5C-415A-AA3B-1FD59E39B0BC}.Debug|Any CPU.ActiveCfg = Debug|Any CPU
		{0DF3A814-1A5C-415A-AA3B-1FD59E39B0BC}.Debug|Any CPU.Build.0 = Debug|Any CPU
		{0DF3A814-1A5C-415A-AA3B-1FD59E39B0BC}.Release|Any CPU.ActiveCfg = Release|Any CPU
		{0DF3A814-1A5C-415A-AA3B-1FD59E39B0BC}.Release|Any CPU.Build.0 = Release|Any CPU
		{02B009EA-3764-4C0D-8F6E-C355C01842AD}.Debug|Any CPU.ActiveCfg = Debug|Any CPU
		{02B009EA-3764-4C0D-8F6E-C355C01842AD}.Debug|Any CPU.Build.0 = Debug|Any CPU
		{02B009EA-3764-4C0D-8F6E-C355C01842AD}.Release|Any CPU.ActiveCfg = Release|Any CPU
		{02B009EA-3764-4C0D-8F6E-C355C01842AD}.Release|Any CPU.Build.0 = Release|Any CPU
		{48D00638-D1E6-48D5-9F42-253BC5188416}.Debug|Any CPU.ActiveCfg = Debug|Any CPU
		{48D00638-D1E6-48D5-9F42-253BC5188416}.Debug|Any CPU.Build.0 = Debug|Any CPU
		{48D00638-D1E6-48D5-9F42-253BC5188416}.Release|Any CPU.ActiveCfg = Release|Any CPU
		{48D00638-D1E6-48D5-9F42-253BC5188416}.Release|Any CPU.Build.0 = Release|Any CPU
		{423CBDDE-0CFE-440D-A002-0A31750F7EA3}.Debug|Any CPU.ActiveCfg = Debug|Any CPU
		{423CBDDE-0CFE-440D-A002-0A31750F7EA3}.Debug|Any CPU.Build.0 = Debug|Any CPU
		{423CBDDE-0CFE-440D-A002-0A31750F7EA3}.Release|Any CPU.ActiveCfg = Release|Any CPU
		{423CBDDE-0CFE-440D-A002-0A31750F7EA3}.Release|Any CPU.Build.0 = Release|Any CPU
		{F636DD51-E26C-481B-87FF-9D6215777DC7}.Debug|Any CPU.ActiveCfg = Debug|Any CPU
		{F636DD51-E26C-481B-87FF-9D6215777DC7}.Debug|Any CPU.Build.0 = Debug|Any CPU
		{F636DD51-E26C-481B-87FF-9D6215777DC7}.Release|Any CPU.ActiveCfg = Release|Any CPU
		{F636DD51-E26C-481B-87FF-9D6215777DC7}.Release|Any CPU.Build.0 = Release|Any CPU
		{C0211240-31F4-47B0-B5CF-60C49AEC9B8F}.Debug|Any CPU.ActiveCfg = Debug|Any CPU
		{C0211240-31F4-47B0-B5CF-60C49AEC9B8F}.Debug|Any CPU.Build.0 = Debug|Any CPU
		{C0211240-31F4-47B0-B5CF-60C49AEC9B8F}.Release|Any CPU.ActiveCfg = Release|Any CPU
		{C0211240-31F4-47B0-B5CF-60C49AEC9B8F}.Release|Any CPU.Build.0 = Release|Any CPU
		{F602E528-0926-4367-8BD6-90B06A6CC2AA}.Debug|Any CPU.ActiveCfg = Debug|Any CPU
		{F602E528-0926-4367-8BD6-90B06A6CC2AA}.Debug|Any CPU.Build.0 = Debug|Any CPU
		{F602E528-0926-4367-8BD6-90B06A6CC2AA}.Release|Any CPU.ActiveCfg = Release|Any CPU
		{F602E528-0926-4367-8BD6-90B06A6CC2AA}.Release|Any CPU.Build.0 = Release|Any CPU
		{D927F8B1-7F60-4C9C-94F1-A994C55C1560}.Debug|Any CPU.ActiveCfg = Debug|Any CPU
		{D927F8B1-7F60-4C9C-94F1-A994C55C1560}.Debug|Any CPU.Build.0 = Debug|Any CPU
		{D927F8B1-7F60-4C9C-94F1-A994C55C1560}.Release|Any CPU.ActiveCfg = Release|Any CPU
		{D927F8B1-7F60-4C9C-94F1-A994C55C1560}.Release|Any CPU.Build.0 = Release|Any CPU
		{ADC26629-E410-4EC2-93DF-67D63C01D95A}.Debug|Any CPU.ActiveCfg = Debug|Any CPU
		{ADC26629-E410-4EC2-93DF-67D63C01D95A}.Debug|Any CPU.Build.0 = Debug|Any CPU
		{ADC26629-E410-4EC2-93DF-67D63C01D95A}.Release|Any CPU.ActiveCfg = Release|Any CPU
		{ADC26629-E410-4EC2-93DF-67D63C01D95A}.Release|Any CPU.Build.0 = Release|Any CPU
		{529EEDE6-A222-4939-971C-3FDDB0EB8157}.Debug|Any CPU.ActiveCfg = Debug|Any CPU
		{529EEDE6-A222-4939-971C-3FDDB0EB8157}.Debug|Any CPU.Build.0 = Debug|Any CPU
		{529EEDE6-A222-4939-971C-3FDDB0EB8157}.Release|Any CPU.ActiveCfg = Release|Any CPU
		{529EEDE6-A222-4939-971C-3FDDB0EB8157}.Release|Any CPU.Build.0 = Release|Any CPU
		{4FCED743-F63C-4393-AD3B-1088E5F8FC11}.Debug|Any CPU.ActiveCfg = Debug|Any CPU
		{4FCED743-F63C-4393-AD3B-1088E5F8FC11}.Debug|Any CPU.Build.0 = Debug|Any CPU
		{4FCED743-F63C-4393-AD3B-1088E5F8FC11}.Release|Any CPU.ActiveCfg = Release|Any CPU
		{4FCED743-F63C-4393-AD3B-1088E5F8FC11}.Release|Any CPU.Build.0 = Release|Any CPU
		{0E041235-981D-4095-85F7-4CE3622DFF39}.Debug|Any CPU.ActiveCfg = Debug|Any CPU
		{0E041235-981D-4095-85F7-4CE3622DFF39}.Debug|Any CPU.Build.0 = Debug|Any CPU
		{0E041235-981D-4095-85F7-4CE3622DFF39}.Release|Any CPU.ActiveCfg = Release|Any CPU
		{0E041235-981D-4095-85F7-4CE3622DFF39}.Release|Any CPU.Build.0 = Release|Any CPU
		{3F3A843C-647D-4F39-950B-86BE761DE5F5}.Debug|Any CPU.ActiveCfg = Debug|Any CPU
		{3F3A843C-647D-4F39-950B-86BE761DE5F5}.Debug|Any CPU.Build.0 = Debug|Any CPU
		{3F3A843C-647D-4F39-950B-86BE761DE5F5}.Release|Any CPU.ActiveCfg = Release|Any CPU
		{3F3A843C-647D-4F39-950B-86BE761DE5F5}.Release|Any CPU.Build.0 = Release|Any CPU
		{F2A69B03-8F4B-4A4C-87F7-EF233489820B}.Debug|Any CPU.ActiveCfg = Debug|Any CPU
		{F2A69B03-8F4B-4A4C-87F7-EF233489820B}.Debug|Any CPU.Build.0 = Debug|Any CPU
		{F2A69B03-8F4B-4A4C-87F7-EF233489820B}.Release|Any CPU.ActiveCfg = Release|Any CPU
		{F2A69B03-8F4B-4A4C-87F7-EF233489820B}.Release|Any CPU.Build.0 = Release|Any CPU
		{1C00AE92-B7B3-466E-8076-1EC51F9F751C}.Debug|Any CPU.ActiveCfg = Debug|Any CPU
		{1C00AE92-B7B3-466E-8076-1EC51F9F751C}.Debug|Any CPU.Build.0 = Debug|Any CPU
		{1C00AE92-B7B3-466E-8076-1EC51F9F751C}.Release|Any CPU.ActiveCfg = Release|Any CPU
		{1C00AE92-B7B3-466E-8076-1EC51F9F751C}.Release|Any CPU.Build.0 = Release|Any CPU
		{AB99D850-FC98-4416-B696-2F7A22A9ADEF}.Debug|Any CPU.ActiveCfg = Debug|Any CPU
		{AB99D850-FC98-4416-B696-2F7A22A9ADEF}.Debug|Any CPU.Build.0 = Debug|Any CPU
		{AB99D850-FC98-4416-B696-2F7A22A9ADEF}.Release|Any CPU.ActiveCfg = Release|Any CPU
		{AB99D850-FC98-4416-B696-2F7A22A9ADEF}.Release|Any CPU.Build.0 = Release|Any CPU
		{F20A7227-EFB6-491E-87F9-06FB1370EA86}.Debug|Any CPU.ActiveCfg = Debug|Any CPU
		{F20A7227-EFB6-491E-87F9-06FB1370EA86}.Debug|Any CPU.Build.0 = Debug|Any CPU
		{F20A7227-EFB6-491E-87F9-06FB1370EA86}.Release|Any CPU.ActiveCfg = Release|Any CPU
		{F20A7227-EFB6-491E-87F9-06FB1370EA86}.Release|Any CPU.Build.0 = Release|Any CPU
		{1B1A213B-817D-4A4F-A32B-5D0DBA7B7650}.Debug|Any CPU.ActiveCfg = Debug|Any CPU
		{1B1A213B-817D-4A4F-A32B-5D0DBA7B7650}.Debug|Any CPU.Build.0 = Debug|Any CPU
		{1B1A213B-817D-4A4F-A32B-5D0DBA7B7650}.Release|Any CPU.ActiveCfg = Release|Any CPU
		{1B1A213B-817D-4A4F-A32B-5D0DBA7B7650}.Release|Any CPU.Build.0 = Release|Any CPU
	EndGlobalSection
	GlobalSection(SolutionProperties) = preSolution
		HideSolutionNode = FALSE
	EndGlobalSection
	GlobalSection(ExtensibilityGlobals) = postSolution
		SolutionGuid = {ECB827DB-2068-4729-814C-6E2A6CA634D4}
	EndGlobalSection
EndGlobal
