
Microsoft Visual Studio Solution File, Format Version 12.00
# Visual Studio Version 16
VisualStudioVersion = 16.0.29905.134
MinimumVisualStudioVersion = 10.0.40219.1
Project("{FAE04EC0-301F-11D3-BF4B-00C04F79EFBC}") = "FishTank", "FishTank\FishTank.csproj", "{2A342B18-0F1E-4CC7-82C7-30016BC8E86D}"
EndProject
Global
	GlobalSection(SolutionConfigurationPlatforms) = preSolution
		Debug|Any CPU = Debug|Any CPU
		Release|Any CPU = Release|Any CPU
	EndGlobalSection
	GlobalSection(ProjectConfigurationPlatforms) = postSolution
		{2A342B18-0F1E-4CC7-82C7-30016BC8E86D}.Debug|Any CPU.ActiveCfg = Debug|Any CPU
		{2A342B18-0F1E-4CC7-82C7-30016BC8E86D}.Debug|Any CPU.Build.0 = Debug|Any CPU
		{2A342B18-0F1E-4CC7-82C7-30016BC8E86D}.Release|Any CPU.ActiveCfg = Release|Any CPU
		{2A342B18-0F1E-4CC7-82C7-30016BC8E86D}.Release|Any CPU.Build.0 = Release|Any CPU
	EndGlobalSection
	GlobalSection(SolutionProperties) = preSolution
		HideSolutionNode = FALSE
	EndGlobalSection
	GlobalSection(ExtensibilityGlobals) = postSolution
		SolutionGuid = {23D2D8DF-DF1E-4BF1-888C-123C6FA90E2E}
	EndGlobalSection
EndGlobal
