
Microsoft Visual Studio Solution File, Format Version 12.00
# Visual Studio Version 16
VisualStudioVersion = 16.0.29905.134
MinimumVisualStudioVersion = 10.0.40219.1
Project("{FAE04EC0-301F-11D3-BF4B-00C04F79EFBC}") = "YardGreening", "YardGreening\YardGreening.csproj", "{45C0B910-0AA3-4E44-8F2B-10F91EEA722C}"
EndProject
Global
	GlobalSection(SolutionConfigurationPlatforms) = preSolution
		Debug|Any CPU = Debug|Any CPU
		Release|Any CPU = Release|Any CPU
	EndGlobalSection
	GlobalSection(ProjectConfigurationPlatforms) = postSolution
		{45C0B910-0AA3-4E44-8F2B-10F91EEA722C}.Debug|Any CPU.ActiveCfg = Debug|Any CPU
		{45C0B910-0AA3-4E44-8F2B-10F91EEA722C}.Debug|Any CPU.Build.0 = Debug|Any CPU
		{45C0B910-0AA3-4E44-8F2B-10F91EEA722C}.Release|Any CPU.ActiveCfg = Release|Any CPU
		{45C0B910-0AA3-4E44-8F2B-10F91EEA722C}.Release|Any CPU.Build.0 = Release|Any CPU
	EndGlobalSection
	GlobalSection(SolutionProperties) = preSolution
		HideSolutionNode = FALSE
	EndGlobalSection
	GlobalSection(ExtensibilityGlobals) = postSolution
		SolutionGuid = {73A7C123-E736-4AFF-930C-95579B228A46}
	EndGlobalSection
EndGlobal
