
Microsoft Visual Studio Solution File, Format Version 12.00
# Visual Studio Version 16
VisualStudioVersion = 16.0.29905.134
MinimumVisualStudioVersion = 10.0.40219.1
Project("{9A19103F-16F7-4668-BE54-9A1E7A4F7556}") = "ExcellentResult", "ExcellentResult\ExcellentResult.csproj", "{FE9AE47E-C78D-4762-81C3-36D2FDE491BC}"
EndProject
Project("{9A19103F-16F7-4668-BE54-9A1E7A4F7556}") = "GreaterNum", "GreaterNum\GreaterNum.csproj", "{E1DD5A7F-86EF-45DE-AF17-AFA94AA75B29}"
EndProject
Project("{9A19103F-16F7-4668-BE54-9A1E7A4F7556}") = "EvenOrOdd", "EvenOrOdd\EvenOrOdd.csproj", "{021AB991-F51A-4B30-83B7-C5A04C43884C}"
EndProject
Project("{9A19103F-16F7-4668-BE54-9A1E7A4F7556}") = "NumToText", "NumToText\NumToText.csproj", "{407EAD79-519A-4743-B2AA-1D1CD2896070}"
EndProject
Project("{9A19103F-16F7-4668-BE54-9A1E7A4F7556}") = "Num100-200", "Num100-200\Num100-200.csproj", "{D195C4B7-813D-44E1-AC1B-AAF422964E25}"
EndProject
Project("{9A19103F-16F7-4668-BE54-9A1E7A4F7556}") = "GuessPass", "GuessPass\GuessPass.csproj", "{7ACF3229-F0D6-4CD9-9948-44A613888309}"
EndProject
Project("{9A19103F-16F7-4668-BE54-9A1E7A4F7556}") = "AreaOfFigure", "AreaOfFigure\AreaOfFigure.csproj", "{B12851E9-5890-442E-893F-5A46C63D3C14}"
EndProject
Project("{9A19103F-16F7-4668-BE54-9A1E7A4F7556}") = "ToyShop", "ToyShop\ToyShop.csproj", "{EF1408A8-9026-4E48-AA80-8A1B7E4A9F3C}"
EndProject
Project("{9A19103F-16F7-4668-BE54-9A1E7A4F7556}") = "SumSeconds", "SumSeconds\SumSeconds.csproj", "{91B40561-7EB5-444D-B082-CA03E4A58F5B}"
EndProject
Project("{9A19103F-16F7-4668-BE54-9A1E7A4F7556}") = "BonusScore", "BonusScore\BonusScore.csproj", "{AB059DD4-BFA9-4F4E-87DD-9D139E870B17}"
EndProject
Project("{9A19103F-16F7-4668-BE54-9A1E7A4F7556}") = "SpeedInfo", "SpeedInfo\SpeedInfo.csproj", "{A42BCF54-928F-41C1-97D3-9C48EBE5FC76}"
EndProject
Project("{9A19103F-16F7-4668-BE54-9A1E7A4F7556}") = "MetricConvertor", "MetricConvertor\MetricConvertor.csproj", "{D3064769-FF15-4E04-B607-CD3060587FB0}"
EndProject
Project("{9A19103F-16F7-4668-BE54-9A1E7A4F7556}") = "PracticeLive21March", "PracticeLive21March\PracticeLive21March.csproj", "{7BCCEE22-145F-466A-B48D-80F41ABF3281}"
EndProject
Project("{9A19103F-16F7-4668-BE54-9A1E7A4F7556}") = "TimePlus15Minutes", "TimePlus15Minutes\TimePlus15Minutes.csproj", "{7073D644-9DC9-4166-B7B0-5F97613461AE}"
EndProject
Project("{9A19103F-16F7-4668-BE54-9A1E7A4F7556}") = "GodzillaVsKong", "GodzillaVsKong\GodzillaVsKong.csproj", "{909E724D-FBD3-45D7-B786-6529077A474D}"
EndProject
Project("{9A19103F-16F7-4668-BE54-9A1E7A4F7556}") = "TimeAfter15Minutes2", "TimeAfter15Minutes2\TimeAfter15Minutes2.csproj", "{8AD36735-7A4D-4CBB-936E-71A7EA2D75B5}"
EndProject
Project("{9A19103F-16F7-4668-BE54-9A1E7A4F7556}") = "TimeAfter15Minutes3", "TimeAfter15Minutes3\TimeAfter15Minutes3.csproj", "{E7CB8400-CFCA-4650-A751-172960B58088}"
EndProject
Project("{9A19103F-16F7-4668-BE54-9A1E7A4F7556}") = "WorldSwimmingRecord", "WorldSwimmingRecord\WorldSwimmingRecord.csproj", "{3BE61581-CF98-4651-8E5F-E016EC6E5A71}"
EndProject
Project("{9A19103F-16F7-4668-BE54-9A1E7A4F7556}") = "ScholarShip", "ScholarShip\ScholarShip.csproj", "{FF3794F0-9C0A-460C-8C65-9253C38E33BA}"
EndProject
Project("{9A19103F-16F7-4668-BE54-9A1E7A4F7556}") = "PipesInPool", "PipesInPool\PipesInPool.csproj", "{D1BC0E88-85E1-4501-BAE4-599809CA9494}"
EndProject
Project("{9A19103F-16F7-4668-BE54-9A1E7A4F7556}") = "SleepyCat", "SleepyCat\SleepyCat.csproj", "{B587F9AF-CB63-441E-852F-78A2C148BDDF}"
EndProject
Project("{9A19103F-16F7-4668-BE54-9A1E7A4F7556}") = "Harvest", "Harvest\Harvest.csproj", "{F49954C4-82E7-4233-8AC7-09B60AEAC081}"
EndProject
Project("{9A19103F-16F7-4668-BE54-9A1E7A4F7556}") = "TransportPrice", "TransportPrice\TransportPrice.csproj", "{61C21123-ECED-4C21-9523-196C3B4FE582}"
EndProject
Project("{9A19103F-16F7-4668-BE54-9A1E7A4F7556}") = "Firm", "Firm\Firm.csproj", "{233582D5-F53B-49C4-9486-06AF1AE2297F}"
EndProject
Project("{9A19103F-16F7-4668-BE54-9A1E7A4F7556}") = "Pets", "Pets\Pets.csproj", "{F8C7F7A8-A831-41B6-A561-F00DF107DDF7}"
EndProject
Project("{9A19103F-16F7-4668-BE54-9A1E7A4F7556}") = "FlowerShop", "FlowerShop\FlowerShop.csproj", "{55BB0185-46F4-40DA-9555-20304F9A282D}"
EndProject
Project("{9A19103F-16F7-4668-BE54-9A1E7A4F7556}") = "FuelTank", "FuelTank\FuelTank.csproj", "{C0A9B6E6-8051-4BD2-8939-69ED2EA83392}"
EndProject
Project("{9A19103F-16F7-4668-BE54-9A1E7A4F7556}") = "FuelTank2", "FuelTank2\FuelTank2.csproj", "{E212259D-101D-4CF7-9981-4D5A5A5A64E5}"
EndProject
Project("{FAE04EC0-301F-11D3-BF4B-00C04F79EFBC}") = "FootballResuts", "FootballResuts\FootballResuts.csproj", "{39F80461-AAF4-42CC-A351-C35B33683E50}"
EndProject
Project("{FAE04EC0-301F-11D3-BF4B-00C04F79EFBC}") = "Skeleton", "Skeleton\Skeleton.csproj", "{F88F8B26-26E9-47D4-8002-195FCD700951}"
EndProject
Global
	GlobalSection(SolutionConfigurationPlatforms) = preSolution
		Debug|Any CPU = Debug|Any CPU
		Release|Any CPU = Release|Any CPU
	EndGlobalSection
	GlobalSection(ProjectConfigurationPlatforms) = postSolution
		{FE9AE47E-C78D-4762-81C3-36D2FDE491BC}.Debug|Any CPU.ActiveCfg = Debug|Any CPU
		{FE9AE47E-C78D-4762-81C3-36D2FDE491BC}.Debug|Any CPU.Build.0 = Debug|Any CPU
		{FE9AE47E-C78D-4762-81C3-36D2FDE491BC}.Release|Any CPU.ActiveCfg = Release|Any CPU
		{FE9AE47E-C78D-4762-81C3-36D2FDE491BC}.Release|Any CPU.Build.0 = Release|Any CPU
		{E1DD5A7F-86EF-45DE-AF17-AFA94AA75B29}.Debug|Any CPU.ActiveCfg = Debug|Any CPU
		{E1DD5A7F-86EF-45DE-AF17-AFA94AA75B29}.Debug|Any CPU.Build.0 = Debug|Any CPU
		{E1DD5A7F-86EF-45DE-AF17-AFA94AA75B29}.Release|Any CPU.ActiveCfg = Release|Any CPU
		{E1DD5A7F-86EF-45DE-AF17-AFA94AA75B29}.Release|Any CPU.Build.0 = Release|Any CPU
		{021AB991-F51A-4B30-83B7-C5A04C43884C}.Debug|Any CPU.ActiveCfg = Debug|Any CPU
		{021AB991-F51A-4B30-83B7-C5A04C43884C}.Debug|Any CPU.Build.0 = Debug|Any CPU
		{021AB991-F51A-4B30-83B7-C5A04C43884C}.Release|Any CPU.ActiveCfg = Release|Any CPU
		{021AB991-F51A-4B30-83B7-C5A04C43884C}.Release|Any CPU.Build.0 = Release|Any CPU
		{407EAD79-519A-4743-B2AA-1D1CD2896070}.Debug|Any CPU.ActiveCfg = Debug|Any CPU
		{407EAD79-519A-4743-B2AA-1D1CD2896070}.Debug|Any CPU.Build.0 = Debug|Any CPU
		{407EAD79-519A-4743-B2AA-1D1CD2896070}.Release|Any CPU.ActiveCfg = Release|Any CPU
		{407EAD79-519A-4743-B2AA-1D1CD2896070}.Release|Any CPU.Build.0 = Release|Any CPU
		{D195C4B7-813D-44E1-AC1B-AAF422964E25}.Debug|Any CPU.ActiveCfg = Debug|Any CPU
		{D195C4B7-813D-44E1-AC1B-AAF422964E25}.Debug|Any CPU.Build.0 = Debug|Any CPU
		{D195C4B7-813D-44E1-AC1B-AAF422964E25}.Release|Any CPU.ActiveCfg = Release|Any CPU
		{D195C4B7-813D-44E1-AC1B-AAF422964E25}.Release|Any CPU.Build.0 = Release|Any CPU
		{7ACF3229-F0D6-4CD9-9948-44A613888309}.Debug|Any CPU.ActiveCfg = Debug|Any CPU
		{7ACF3229-F0D6-4CD9-9948-44A613888309}.Debug|Any CPU.Build.0 = Debug|Any CPU
		{7ACF3229-F0D6-4CD9-9948-44A613888309}.Release|Any CPU.ActiveCfg = Release|Any CPU
		{7ACF3229-F0D6-4CD9-9948-44A613888309}.Release|Any CPU.Build.0 = Release|Any CPU
		{B12851E9-5890-442E-893F-5A46C63D3C14}.Debug|Any CPU.ActiveCfg = Debug|Any CPU
		{B12851E9-5890-442E-893F-5A46C63D3C14}.Debug|Any CPU.Build.0 = Debug|Any CPU
		{B12851E9-5890-442E-893F-5A46C63D3C14}.Release|Any CPU.ActiveCfg = Release|Any CPU
		{B12851E9-5890-442E-893F-5A46C63D3C14}.Release|Any CPU.Build.0 = Release|Any CPU
		{EF1408A8-9026-4E48-AA80-8A1B7E4A9F3C}.Debug|Any CPU.ActiveCfg = Debug|Any CPU
		{EF1408A8-9026-4E48-AA80-8A1B7E4A9F3C}.Debug|Any CPU.Build.0 = Debug|Any CPU
		{EF1408A8-9026-4E48-AA80-8A1B7E4A9F3C}.Release|Any CPU.ActiveCfg = Release|Any CPU
		{EF1408A8-9026-4E48-AA80-8A1B7E4A9F3C}.Release|Any CPU.Build.0 = Release|Any CPU
		{91B40561-7EB5-444D-B082-CA03E4A58F5B}.Debug|Any CPU.ActiveCfg = Debug|Any CPU
		{91B40561-7EB5-444D-B082-CA03E4A58F5B}.Debug|Any CPU.Build.0 = Debug|Any CPU
		{91B40561-7EB5-444D-B082-CA03E4A58F5B}.Release|Any CPU.ActiveCfg = Release|Any CPU
		{91B40561-7EB5-444D-B082-CA03E4A58F5B}.Release|Any CPU.Build.0 = Release|Any CPU
		{AB059DD4-BFA9-4F4E-87DD-9D139E870B17}.Debug|Any CPU.ActiveCfg = Debug|Any CPU
		{AB059DD4-BFA9-4F4E-87DD-9D139E870B17}.Debug|Any CPU.Build.0 = Debug|Any CPU
		{AB059DD4-BFA9-4F4E-87DD-9D139E870B17}.Release|Any CPU.ActiveCfg = Release|Any CPU
		{AB059DD4-BFA9-4F4E-87DD-9D139E870B17}.Release|Any CPU.Build.0 = Release|Any CPU
		{A42BCF54-928F-41C1-97D3-9C48EBE5FC76}.Debug|Any CPU.ActiveCfg = Debug|Any CPU
		{A42BCF54-928F-41C1-97D3-9C48EBE5FC76}.Debug|Any CPU.Build.0 = Debug|Any CPU
		{A42BCF54-928F-41C1-97D3-9C48EBE5FC76}.Release|Any CPU.ActiveCfg = Release|Any CPU
		{A42BCF54-928F-41C1-97D3-9C48EBE5FC76}.Release|Any CPU.Build.0 = Release|Any CPU
		{D3064769-FF15-4E04-B607-CD3060587FB0}.Debug|Any CPU.ActiveCfg = Debug|Any CPU
		{D3064769-FF15-4E04-B607-CD3060587FB0}.Debug|Any CPU.Build.0 = Debug|Any CPU
		{D3064769-FF15-4E04-B607-CD3060587FB0}.Release|Any CPU.ActiveCfg = Release|Any CPU
		{D3064769-FF15-4E04-B607-CD3060587FB0}.Release|Any CPU.Build.0 = Release|Any CPU
		{7BCCEE22-145F-466A-B48D-80F41ABF3281}.Debug|Any CPU.ActiveCfg = Debug|Any CPU
		{7BCCEE22-145F-466A-B48D-80F41ABF3281}.Debug|Any CPU.Build.0 = Debug|Any CPU
		{7BCCEE22-145F-466A-B48D-80F41ABF3281}.Release|Any CPU.ActiveCfg = Release|Any CPU
		{7BCCEE22-145F-466A-B48D-80F41ABF3281}.Release|Any CPU.Build.0 = Release|Any CPU
		{7073D644-9DC9-4166-B7B0-5F97613461AE}.Debug|Any CPU.ActiveCfg = Debug|Any CPU
		{7073D644-9DC9-4166-B7B0-5F97613461AE}.Debug|Any CPU.Build.0 = Debug|Any CPU
		{7073D644-9DC9-4166-B7B0-5F97613461AE}.Release|Any CPU.ActiveCfg = Release|Any CPU
		{7073D644-9DC9-4166-B7B0-5F97613461AE}.Release|Any CPU.Build.0 = Release|Any CPU
		{909E724D-FBD3-45D7-B786-6529077A474D}.Debug|Any CPU.ActiveCfg = Debug|Any CPU
		{909E724D-FBD3-45D7-B786-6529077A474D}.Debug|Any CPU.Build.0 = Debug|Any CPU
		{909E724D-FBD3-45D7-B786-6529077A474D}.Release|Any CPU.ActiveCfg = Release|Any CPU
		{909E724D-FBD3-45D7-B786-6529077A474D}.Release|Any CPU.Build.0 = Release|Any CPU
		{8AD36735-7A4D-4CBB-936E-71A7EA2D75B5}.Debug|Any CPU.ActiveCfg = Debug|Any CPU
		{8AD36735-7A4D-4CBB-936E-71A7EA2D75B5}.Debug|Any CPU.Build.0 = Debug|Any CPU
		{8AD36735-7A4D-4CBB-936E-71A7EA2D75B5}.Release|Any CPU.ActiveCfg = Release|Any CPU
		{8AD36735-7A4D-4CBB-936E-71A7EA2D75B5}.Release|Any CPU.Build.0 = Release|Any CPU
		{E7CB8400-CFCA-4650-A751-172960B58088}.Debug|Any CPU.ActiveCfg = Debug|Any CPU
		{E7CB8400-CFCA-4650-A751-172960B58088}.Debug|Any CPU.Build.0 = Debug|Any CPU
		{E7CB8400-CFCA-4650-A751-172960B58088}.Release|Any CPU.ActiveCfg = Release|Any CPU
		{E7CB8400-CFCA-4650-A751-172960B58088}.Release|Any CPU.Build.0 = Release|Any CPU
		{3BE61581-CF98-4651-8E5F-E016EC6E5A71}.Debug|Any CPU.ActiveCfg = Debug|Any CPU
		{3BE61581-CF98-4651-8E5F-E016EC6E5A71}.Debug|Any CPU.Build.0 = Debug|Any CPU
		{3BE61581-CF98-4651-8E5F-E016EC6E5A71}.Release|Any CPU.ActiveCfg = Release|Any CPU
		{3BE61581-CF98-4651-8E5F-E016EC6E5A71}.Release|Any CPU.Build.0 = Release|Any CPU
		{FF3794F0-9C0A-460C-8C65-9253C38E33BA}.Debug|Any CPU.ActiveCfg = Debug|Any CPU
		{FF3794F0-9C0A-460C-8C65-9253C38E33BA}.Debug|Any CPU.Build.0 = Debug|Any CPU
		{FF3794F0-9C0A-460C-8C65-9253C38E33BA}.Release|Any CPU.ActiveCfg = Release|Any CPU
		{FF3794F0-9C0A-460C-8C65-9253C38E33BA}.Release|Any CPU.Build.0 = Release|Any CPU
		{D1BC0E88-85E1-4501-BAE4-599809CA9494}.Debug|Any CPU.ActiveCfg = Debug|Any CPU
		{D1BC0E88-85E1-4501-BAE4-599809CA9494}.Debug|Any CPU.Build.0 = Debug|Any CPU
		{D1BC0E88-85E1-4501-BAE4-599809CA9494}.Release|Any CPU.ActiveCfg = Release|Any CPU
		{D1BC0E88-85E1-4501-BAE4-599809CA9494}.Release|Any CPU.Build.0 = Release|Any CPU
		{B587F9AF-CB63-441E-852F-78A2C148BDDF}.Debug|Any CPU.ActiveCfg = Debug|Any CPU
		{B587F9AF-CB63-441E-852F-78A2C148BDDF}.Debug|Any CPU.Build.0 = Debug|Any CPU
		{B587F9AF-CB63-441E-852F-78A2C148BDDF}.Release|Any CPU.ActiveCfg = Release|Any CPU
		{B587F9AF-CB63-441E-852F-78A2C148BDDF}.Release|Any CPU.Build.0 = Release|Any CPU
		{F49954C4-82E7-4233-8AC7-09B60AEAC081}.Debug|Any CPU.ActiveCfg = Debug|Any CPU
		{F49954C4-82E7-4233-8AC7-09B60AEAC081}.Debug|Any CPU.Build.0 = Debug|Any CPU
		{F49954C4-82E7-4233-8AC7-09B60AEAC081}.Release|Any CPU.ActiveCfg = Release|Any CPU
		{F49954C4-82E7-4233-8AC7-09B60AEAC081}.Release|Any CPU.Build.0 = Release|Any CPU
		{61C21123-ECED-4C21-9523-196C3B4FE582}.Debug|Any CPU.ActiveCfg = Debug|Any CPU
		{61C21123-ECED-4C21-9523-196C3B4FE582}.Debug|Any CPU.Build.0 = Debug|Any CPU
		{61C21123-ECED-4C21-9523-196C3B4FE582}.Release|Any CPU.ActiveCfg = Release|Any CPU
		{61C21123-ECED-4C21-9523-196C3B4FE582}.Release|Any CPU.Build.0 = Release|Any CPU
		{233582D5-F53B-49C4-9486-06AF1AE2297F}.Debug|Any CPU.ActiveCfg = Debug|Any CPU
		{233582D5-F53B-49C4-9486-06AF1AE2297F}.Debug|Any CPU.Build.0 = Debug|Any CPU
		{233582D5-F53B-49C4-9486-06AF1AE2297F}.Release|Any CPU.ActiveCfg = Release|Any CPU
		{233582D5-F53B-49C4-9486-06AF1AE2297F}.Release|Any CPU.Build.0 = Release|Any CPU
		{F8C7F7A8-A831-41B6-A561-F00DF107DDF7}.Debug|Any CPU.ActiveCfg = Debug|Any CPU
		{F8C7F7A8-A831-41B6-A561-F00DF107DDF7}.Debug|Any CPU.Build.0 = Debug|Any CPU
		{F8C7F7A8-A831-41B6-A561-F00DF107DDF7}.Release|Any CPU.ActiveCfg = Release|Any CPU
		{F8C7F7A8-A831-41B6-A561-F00DF107DDF7}.Release|Any CPU.Build.0 = Release|Any CPU
		{55BB0185-46F4-40DA-9555-20304F9A282D}.Debug|Any CPU.ActiveCfg = Debug|Any CPU
		{55BB0185-46F4-40DA-9555-20304F9A282D}.Debug|Any CPU.Build.0 = Debug|Any CPU
		{55BB0185-46F4-40DA-9555-20304F9A282D}.Release|Any CPU.ActiveCfg = Release|Any CPU
		{55BB0185-46F4-40DA-9555-20304F9A282D}.Release|Any CPU.Build.0 = Release|Any CPU
		{C0A9B6E6-8051-4BD2-8939-69ED2EA83392}.Debug|Any CPU.ActiveCfg = Debug|Any CPU
		{C0A9B6E6-8051-4BD2-8939-69ED2EA83392}.Debug|Any CPU.Build.0 = Debug|Any CPU
		{C0A9B6E6-8051-4BD2-8939-69ED2EA83392}.Release|Any CPU.ActiveCfg = Release|Any CPU
		{C0A9B6E6-8051-4BD2-8939-69ED2EA83392}.Release|Any CPU.Build.0 = Release|Any CPU
		{E212259D-101D-4CF7-9981-4D5A5A5A64E5}.Debug|Any CPU.ActiveCfg = Debug|Any CPU
		{E212259D-101D-4CF7-9981-4D5A5A5A64E5}.Debug|Any CPU.Build.0 = Debug|Any CPU
		{E212259D-101D-4CF7-9981-4D5A5A5A64E5}.Release|Any CPU.ActiveCfg = Release|Any CPU
		{E212259D-101D-4CF7-9981-4D5A5A5A64E5}.Release|Any CPU.Build.0 = Release|Any CPU
		{39F80461-AAF4-42CC-A351-C35B33683E50}.Debug|Any CPU.ActiveCfg = Debug|Any CPU
		{39F80461-AAF4-42CC-A351-C35B33683E50}.Debug|Any CPU.Build.0 = Debug|Any CPU
		{39F80461-AAF4-42CC-A351-C35B33683E50}.Release|Any CPU.ActiveCfg = Release|Any CPU
		{39F80461-AAF4-42CC-A351-C35B33683E50}.Release|Any CPU.Build.0 = Release|Any CPU
		{F88F8B26-26E9-47D4-8002-195FCD700951}.Debug|Any CPU.ActiveCfg = Debug|Any CPU
		{F88F8B26-26E9-47D4-8002-195FCD700951}.Debug|Any CPU.Build.0 = Debug|Any CPU
		{F88F8B26-26E9-47D4-8002-195FCD700951}.Release|Any CPU.ActiveCfg = Release|Any CPU
		{F88F8B26-26E9-47D4-8002-195FCD700951}.Release|Any CPU.Build.0 = Release|Any CPU
	EndGlobalSection
	GlobalSection(SolutionProperties) = preSolution
		HideSolutionNode = FALSE
	EndGlobalSection
	GlobalSection(ExtensibilityGlobals) = postSolution
		SolutionGuid = {62B87A3A-68C2-4C15-A71A-F4C246947148}
	EndGlobalSection
EndGlobal
