
Microsoft Visual Studio Solution File, Format Version 12.00
# Visual Studio Version 16
VisualStudioVersion = 16.0.30002.166
MinimumVisualStudioVersion = 10.0.40219.1
Project("{9A19103F-16F7-4668-BE54-9A1E7A4F7556}") = "PoolDay", "PoolDay\PoolDay.csproj", "{82DA819A-9663-4D96-AD18-0BC45FC4A5F4}"
EndProject
Project("{9A19103F-16F7-4668-BE54-9A1E7A4F7556}") = "Repainting", "Repainting\Repainting.csproj", "{0EB3F340-9C45-48E3-9C20-B0B2601349CC}"
EndProject
Project("{9A19103F-16F7-4668-BE54-9A1E7A4F7556}") = "FamilyTrip", "FamilyTrip\FamilyTrip.csproj", "{BACDFB4B-B37A-490D-905F-DF841F2179DC}"
EndProject
Project("{9A19103F-16F7-4668-BE54-9A1E7A4F7556}") = "Shopping", "Shopping\Shopping.csproj", "{CC797869-8C98-43C1-9BCB-D763AF46D720}"
EndProject
Project("{9A19103F-16F7-4668-BE54-9A1E7A4F7556}") = "CoffeeMachine", "CoffeeMachine\CoffeeMachine.csproj", "{07ADCDEE-3D68-49F5-9BF0-8E21D5961ECF}"
EndProject
Project("{9A19103F-16F7-4668-BE54-9A1E7A4F7556}") = "TravelAgency", "TravelAgency\TravelAgency.csproj", "{2E69856E-536D-484A-92AD-AF316795FE05}"
EndProject
Project("{9A19103F-16F7-4668-BE54-9A1E7A4F7556}") = "Club", "Club\Club.csproj", "{BBCE5BAD-6A16-4B17-81BC-09D930C0A932}"
EndProject
Project("{9A19103F-16F7-4668-BE54-9A1E7A4F7556}") = "Renovation", "Renovation\Renovation.csproj", "{AF6A0CA3-1075-4FD7-9440-F531F3426F16}"
EndProject
Project("{9A19103F-16F7-4668-BE54-9A1E7A4F7556}") = "PCGameShop", "PCGameShop\PCGameShop.csproj", "{A87D52E4-B988-4DEB-AC65-11D5F8BE8F52}"
EndProject
Project("{9A19103F-16F7-4668-BE54-9A1E7A4F7556}") = "FootballTournament", "FootballTournament\FootballTournament.csproj", "{31B7D50A-0107-4B9A-AB62-1F3791806B4C}"
EndProject
Project("{FAE04EC0-301F-11D3-BF4B-00C04F79EFBC}") = "NameGame", "NameGame\NameGame.csproj", "{5962E4C8-6EEF-4DCE-869A-81B1BDDD96B4}"
EndProject
Project("{FAE04EC0-301F-11D3-BF4B-00C04F79EFBC}") = "TheMostPowerfulWord", "TheMostPowerfulWord\TheMostPowerfulWord.csproj", "{69B85441-EFEC-4C31-BF62-74C32C21BC1B}"
EndProject
Global
	GlobalSection(SolutionConfigurationPlatforms) = preSolution
		Debug|Any CPU = Debug|Any CPU
		Release|Any CPU = Release|Any CPU
	EndGlobalSection
	GlobalSection(ProjectConfigurationPlatforms) = postSolution
		{82DA819A-9663-4D96-AD18-0BC45FC4A5F4}.Debug|Any CPU.ActiveCfg = Debug|Any CPU
		{82DA819A-9663-4D96-AD18-0BC45FC4A5F4}.Debug|Any CPU.Build.0 = Debug|Any CPU
		{82DA819A-9663-4D96-AD18-0BC45FC4A5F4}.Release|Any CPU.ActiveCfg = Release|Any CPU
		{82DA819A-9663-4D96-AD18-0BC45FC4A5F4}.Release|Any CPU.Build.0 = Release|Any CPU
		{0EB3F340-9C45-48E3-9C20-B0B2601349CC}.Debug|Any CPU.ActiveCfg = Debug|Any CPU
		{0EB3F340-9C45-48E3-9C20-B0B2601349CC}.Debug|Any CPU.Build.0 = Debug|Any CPU
		{0EB3F340-9C45-48E3-9C20-B0B2601349CC}.Release|Any CPU.ActiveCfg = Release|Any CPU
		{0EB3F340-9C45-48E3-9C20-B0B2601349CC}.Release|Any CPU.Build.0 = Release|Any CPU
		{BACDFB4B-B37A-490D-905F-DF841F2179DC}.Debug|Any CPU.ActiveCfg = Debug|Any CPU
		{BACDFB4B-B37A-490D-905F-DF841F2179DC}.Debug|Any CPU.Build.0 = Debug|Any CPU
		{BACDFB4B-B37A-490D-905F-DF841F2179DC}.Release|Any CPU.ActiveCfg = Release|Any CPU
		{BACDFB4B-B37A-490D-905F-DF841F2179DC}.Release|Any CPU.Build.0 = Release|Any CPU
		{CC797869-8C98-43C1-9BCB-D763AF46D720}.Debug|Any CPU.ActiveCfg = Debug|Any CPU
		{CC797869-8C98-43C1-9BCB-D763AF46D720}.Debug|Any CPU.Build.0 = Debug|Any CPU
		{CC797869-8C98-43C1-9BCB-D763AF46D720}.Release|Any CPU.ActiveCfg = Release|Any CPU
		{CC797869-8C98-43C1-9BCB-D763AF46D720}.Release|Any CPU.Build.0 = Release|Any CPU
		{07ADCDEE-3D68-49F5-9BF0-8E21D5961ECF}.Debug|Any CPU.ActiveCfg = Debug|Any CPU
		{07ADCDEE-3D68-49F5-9BF0-8E21D5961ECF}.Debug|Any CPU.Build.0 = Debug|Any CPU
		{07ADCDEE-3D68-49F5-9BF0-8E21D5961ECF}.Release|Any CPU.ActiveCfg = Release|Any CPU
		{07ADCDEE-3D68-49F5-9BF0-8E21D5961ECF}.Release|Any CPU.Build.0 = Release|Any CPU
		{2E69856E-536D-484A-92AD-AF316795FE05}.Debug|Any CPU.ActiveCfg = Debug|Any CPU
		{2E69856E-536D-484A-92AD-AF316795FE05}.Debug|Any CPU.Build.0 = Debug|Any CPU
		{2E69856E-536D-484A-92AD-AF316795FE05}.Release|Any CPU.ActiveCfg = Release|Any CPU
		{2E69856E-536D-484A-92AD-AF316795FE05}.Release|Any CPU.Build.0 = Release|Any CPU
		{BBCE5BAD-6A16-4B17-81BC-09D930C0A932}.Debug|Any CPU.ActiveCfg = Debug|Any CPU
		{BBCE5BAD-6A16-4B17-81BC-09D930C0A932}.Debug|Any CPU.Build.0 = Debug|Any CPU
		{BBCE5BAD-6A16-4B17-81BC-09D930C0A932}.Release|Any CPU.ActiveCfg = Release|Any CPU
		{BBCE5BAD-6A16-4B17-81BC-09D930C0A932}.Release|Any CPU.Build.0 = Release|Any CPU
		{AF6A0CA3-1075-4FD7-9440-F531F3426F16}.Debug|Any CPU.ActiveCfg = Debug|Any CPU
		{AF6A0CA3-1075-4FD7-9440-F531F3426F16}.Debug|Any CPU.Build.0 = Debug|Any CPU
		{AF6A0CA3-1075-4FD7-9440-F531F3426F16}.Release|Any CPU.ActiveCfg = Release|Any CPU
		{AF6A0CA3-1075-4FD7-9440-F531F3426F16}.Release|Any CPU.Build.0 = Release|Any CPU
		{A87D52E4-B988-4DEB-AC65-11D5F8BE8F52}.Debug|Any CPU.ActiveCfg = Debug|Any CPU
		{A87D52E4-B988-4DEB-AC65-11D5F8BE8F52}.Debug|Any CPU.Build.0 = Debug|Any CPU
		{A87D52E4-B988-4DEB-AC65-11D5F8BE8F52}.Release|Any CPU.ActiveCfg = Release|Any CPU
		{A87D52E4-B988-4DEB-AC65-11D5F8BE8F52}.Release|Any CPU.Build.0 = Release|Any CPU
		{31B7D50A-0107-4B9A-AB62-1F3791806B4C}.Debug|Any CPU.ActiveCfg = Debug|Any CPU
		{31B7D50A-0107-4B9A-AB62-1F3791806B4C}.Debug|Any CPU.Build.0 = Debug|Any CPU
		{31B7D50A-0107-4B9A-AB62-1F3791806B4C}.Release|Any CPU.ActiveCfg = Release|Any CPU
		{31B7D50A-0107-4B9A-AB62-1F3791806B4C}.Release|Any CPU.Build.0 = Release|Any CPU
		{5962E4C8-6EEF-4DCE-869A-81B1BDDD96B4}.Debug|Any CPU.ActiveCfg = Debug|Any CPU
		{5962E4C8-6EEF-4DCE-869A-81B1BDDD96B4}.Debug|Any CPU.Build.0 = Debug|Any CPU
		{5962E4C8-6EEF-4DCE-869A-81B1BDDD96B4}.Release|Any CPU.ActiveCfg = Release|Any CPU
		{5962E4C8-6EEF-4DCE-869A-81B1BDDD96B4}.Release|Any CPU.Build.0 = Release|Any CPU
		{69B85441-EFEC-4C31-BF62-74C32C21BC1B}.Debug|Any CPU.ActiveCfg = Debug|Any CPU
		{69B85441-EFEC-4C31-BF62-74C32C21BC1B}.Debug|Any CPU.Build.0 = Debug|Any CPU
		{69B85441-EFEC-4C31-BF62-74C32C21BC1B}.Release|Any CPU.ActiveCfg = Release|Any CPU
		{69B85441-EFEC-4C31-BF62-74C32C21BC1B}.Release|Any CPU.Build.0 = Release|Any CPU
	EndGlobalSection
	GlobalSection(SolutionProperties) = preSolution
		HideSolutionNode = FALSE
	EndGlobalSection
	GlobalSection(ExtensibilityGlobals) = postSolution
		SolutionGuid = {E01E7CCD-C44D-451A-930A-1A7D9C6185BA}
	EndGlobalSection
EndGlobal
