
Microsoft Visual Studio Solution File, Format Version 12.00
# Visual Studio Version 16
VisualStudioVersion = 16.0.30011.22
MinimumVisualStudioVersion = 10.0.40219.1
Project("{FAE04EC0-301F-11D3-BF4B-00C04F79EFBC}") = "SinoTheWalker", "SinoTheWalker\SinoTheWalker.csproj", "{62F89FE5-455A-4077-9313-F11EAF499922}"
EndProject
Project("{FAE04EC0-301F-11D3-BF4B-00C04F79EFBC}") = "SoftUniKaraoke", "SoftUniKaraoke\SoftUniKaraoke.csproj", "{5CA6C56A-9554-4DD6-BC60-7E01310A59F4}"
EndProject
Global
	GlobalSection(SolutionConfigurationPlatforms) = preSolution
		Debug|Any CPU = Debug|Any CPU
		Release|Any CPU = Release|Any CPU
	EndGlobalSection
	GlobalSection(ProjectConfigurationPlatforms) = postSolution
		{62F89FE5-455A-4077-9313-F11EAF499922}.Debug|Any CPU.ActiveCfg = Debug|Any CPU
		{62F89FE5-455A-4077-9313-F11EAF499922}.Debug|Any CPU.Build.0 = Debug|Any CPU
		{62F89FE5-455A-4077-9313-F11EAF499922}.Release|Any CPU.ActiveCfg = Release|Any CPU
		{62F89FE5-455A-4077-9313-F11EAF499922}.Release|Any CPU.Build.0 = Release|Any CPU
		{5CA6C56A-9554-4DD6-BC60-7E01310A59F4}.Debug|Any CPU.ActiveCfg = Debug|Any CPU
		{5CA6C56A-9554-4DD6-BC60-7E01310A59F4}.Debug|Any CPU.Build.0 = Debug|Any CPU
		{5CA6C56A-9554-4DD6-BC60-7E01310A59F4}.Release|Any CPU.ActiveCfg = Release|Any CPU
		{5CA6C56A-9554-4DD6-BC60-7E01310A59F4}.Release|Any CPU.Build.0 = Release|Any CPU
	EndGlobalSection
	GlobalSection(SolutionProperties) = preSolution
		HideSolutionNode = FALSE
	EndGlobalSection
	GlobalSection(ExtensibilityGlobals) = postSolution
		SolutionGuid = {32B1039F-760E-4667-8F96-1E774FA81EB1}
	EndGlobalSection
EndGlobal
