
Microsoft Visual Studio Solution File, Format Version 12.00
# Visual Studio Version 16
VisualStudioVersion = 16.0.29905.134
MinimumVisualStudioVersion = 10.0.40219.1
Project("{FAE04EC0-301F-11D3-BF4B-00C04F79EFBC}") = "Savings", "Savings\Savings.csproj", "{6A24623E-7C79-4105-954D-31D2E87D9F6F}"
EndProject
Global
	GlobalSection(SolutionConfigurationPlatforms) = preSolution
		Debug|Any CPU = Debug|Any CPU
		Release|Any CPU = Release|Any CPU
	EndGlobalSection
	GlobalSection(ProjectConfigurationPlatforms) = postSolution
		{6A24623E-7C79-4105-954D-31D2E87D9F6F}.Debug|Any CPU.ActiveCfg = Debug|Any CPU
		{6A24623E-7C79-4105-954D-31D2E87D9F6F}.Debug|Any CPU.Build.0 = Debug|Any CPU
		{6A24623E-7C79-4105-954D-31D2E87D9F6F}.Release|Any CPU.ActiveCfg = Release|Any CPU
		{6A24623E-7C79-4105-954D-31D2E87D9F6F}.Release|Any CPU.Build.0 = Release|Any CPU
	EndGlobalSection
	GlobalSection(SolutionProperties) = preSolution
		HideSolutionNode = FALSE
	EndGlobalSection
	GlobalSection(ExtensibilityGlobals) = postSolution
		SolutionGuid = {28B1DE0D-EC03-4184-8EE5-0331E973609C}
	EndGlobalSection
EndGlobal
